// !$*UTF8*$!
{
	archiveVersion = 1;
	classes = {
	};
	objectVersion = 46;
	objects = {

/* Begin PBXBuildFile section */
		8E0244771F8C68C1004AA725 /* MTMALine.m in Sources */ = {isa = PBXBuildFile; fileRef = 8E0244761F8C68C1004AA725 /* MTMALine.m */; };
		8E02447A1F8CA2FB004AA725 /* MTKlineView.m in Sources */ = {isa = PBXBuildFile; fileRef = 8E0244791F8CA2FA004AA725 /* MTKlineView.m */; };
		8E0360A61F8E193600B485A2 /* MTTechView.m in Sources */ = {isa = PBXBuildFile; fileRef = 8E0360A51F8E193600B485A2 /* MTTechView.m */; };
		8E09F7732439ED5A00A21CAF /* ViewController.m in Sources */ = {isa = PBXBuildFile; fileRef = 8E09F7712439ED5A00A21CAF /* ViewController.m */; };
		8E09F7772439ED8500A21CAF /* TestController.m in Sources */ = {isa = PBXBuildFile; fileRef = 8E09F7742439ED8500A21CAF /* TestController.m */; };
		8E09F7782439ED8500A21CAF /* TestController.xib in Resources */ = {isa = PBXBuildFile; fileRef = 8E09F7762439ED8500A21CAF /* TestController.xib */; };
		8E09F77E2439EF4300A21CAF /* GCDMulticastDelegate.m in Sources */ = {isa = PBXBuildFile; fileRef = 8E09F77D2439EF4300A21CAF /* GCDMulticastDelegate.m */; };
		8E09F7812439F36C00A21CAF /* QSKLineView.m in Sources */ = {isa = PBXBuildFile; fileRef = 8E09F7802439F36C00A21CAF /* QSKLineView.m */; };
		8E09F785243A15DA00A21CAF /* QSTrackingCrossView.m in Sources */ = {isa = PBXBuildFile; fileRef = 8E09F784243A15DA00A21CAF /* QSTrackingCrossView.m */; };
		8E18DCB31F9EE371003C47C0 /* MTTimeLineTrackingCrossView.m in Sources */ = {isa = PBXBuildFile; fileRef = 8E18DCB21F9EE371003C47C0 /* MTTimeLineTrackingCrossView.m */; };
		8E18DCB81F9EEBAF003C47C0 /* MTTimeLineTableView.m in Sources */ = {isa = PBXBuildFile; fileRef = 8E18DCB71F9EEBAF003C47C0 /* MTTimeLineTableView.m */; };
		8E18DCC21F9F0A50003C47C0 /* MTFiveRecordCell.m in Sources */ = {isa = PBXBuildFile; fileRef = 8E18DCC01F9F0A50003C47C0 /* MTFiveRecordCell.m */; };
		8E18DCC31F9F0A50003C47C0 /* MTFiveRecordCell.xib in Resources */ = {isa = PBXBuildFile; fileRef = 8E18DCC11F9F0A50003C47C0 /* MTFiveRecordCell.xib */; };
		8E18DCC61F9F0CB5003C47C0 /* MTFiveRecordTableView.m in Sources */ = {isa = PBXBuildFile; fileRef = 8E18DCC51F9F0CB5003C47C0 /* MTFiveRecordTableView.m */; };
		8E18DCC91F9F0DD1003C47C0 /* MTFiveRecordModel.m in Sources */ = {isa = PBXBuildFile; fileRef = 8E18DCC81F9F0DD1003C47C0 /* MTFiveRecordModel.m */; };
		8E18DCCC1F9F254D003C47C0 /* MTTimeLineDetailedView.m in Sources */ = {isa = PBXBuildFile; fileRef = 8E18DCCB1F9F254D003C47C0 /* MTTimeLineDetailedView.m */; };
		8E18DCCF1F9F257D003C47C0 /* MTDaDanView.m in Sources */ = {isa = PBXBuildFile; fileRef = 8E18DCCE1F9F257D003C47C0 /* MTDaDanView.m */; };
		8E21E7691F564DB700CD55E0 /* main.m in Sources */ = {isa = PBXBuildFile; fileRef = 8E21E7681F564DB700CD55E0 /* main.m */; };
		8E21E76C1F564DB700CD55E0 /* AppDelegate.m in Sources */ = {isa = PBXBuildFile; fileRef = 8E21E76B1F564DB700CD55E0 /* AppDelegate.m */; };
		8E21E7721F564DB700CD55E0 /* Main.storyboard in Resources */ = {isa = PBXBuildFile; fileRef = 8E21E7701F564DB700CD55E0 /* Main.storyboard */; };
		8E21E7741F564DB700CD55E0 /* Assets.xcassets in Resources */ = {isa = PBXBuildFile; fileRef = 8E21E7731F564DB700CD55E0 /* Assets.xcassets */; };
		8E21E7771F564DB700CD55E0 /* LaunchScreen.storyboard in Resources */ = {isa = PBXBuildFile; fileRef = 8E21E7751F564DB700CD55E0 /* LaunchScreen.storyboard */; };
		8E21E7821F564DB700CD55E0 /* __k_demoTests.m in Sources */ = {isa = PBXBuildFile; fileRef = 8E21E7811F564DB700CD55E0 /* __k_demoTests.m */; };
		8E21E78D1F564DB700CD55E0 /* __k_demoUITests.m in Sources */ = {isa = PBXBuildFile; fileRef = 8E21E78C1F564DB700CD55E0 /* __k_demoUITests.m */; };
		8E2299431FA031C8008BC129 /* MTShowDetailsView.m in Sources */ = {isa = PBXBuildFile; fileRef = 8E2299421FA031C8008BC129 /* MTShowDetailsView.m */; };
		8E3896441F7F6E72006AEC92 /* MTMianKLineView.m in Sources */ = {isa = PBXBuildFile; fileRef = 8E3896431F7F6E72006AEC92 /* MTMianKLineView.m */; };
		8E3896471F7F6F08006AEC92 /* MTKLine.m in Sources */ = {isa = PBXBuildFile; fileRef = 8E3896461F7F6F08006AEC92 /* MTKLine.m */; };
		8E3B2056243B30EE00753592 /* QSKLineHelper.m in Sources */ = {isa = PBXBuildFile; fileRef = 8E3B2055243B30EE00753592 /* QSKLineHelper.m */; };
		8E4F2C0B1F7CFB990082A3F5 /* MTCurveKDJ.m in Sources */ = {isa = PBXBuildFile; fileRef = 8E4F2C0A1F7CFB990082A3F5 /* MTCurveKDJ.m */; };
		8E4F2C0E1F7D031F0082A3F5 /* MTCurveBOLL.m in Sources */ = {isa = PBXBuildFile; fileRef = 8E4F2C0D1F7D031F0082A3F5 /* MTCurveBOLL.m */; };
		8E5C86091F70EC8A00F5DE86 /* SJManageDataToModel.m in Sources */ = {isa = PBXBuildFile; fileRef = 8E5C86081F70EC8A00F5DE86 /* SJManageDataToModel.m */; };
		8E6669D523BC8882000CE08E /* QSBaseViewController.m in Sources */ = {isa = PBXBuildFile; fileRef = 8E6669D423BC8882000CE08E /* QSBaseViewController.m */; };
		8E6669DD23BC8965000CE08E /* QSTrendMainVC.m in Sources */ = {isa = PBXBuildFile; fileRef = 8E6669DC23BC8965000CE08E /* QSTrendMainVC.m */; };
		8E6669E123BC89F7000CE08E /* QSBaseViewModel.m in Sources */ = {isa = PBXBuildFile; fileRef = 8E6669E023BC89F7000CE08E /* QSBaseViewModel.m */; };
		8E6669E423BC8A16000CE08E /* QSTrendViewModel.m in Sources */ = {isa = PBXBuildFile; fileRef = 8E6669E323BC8A16000CE08E /* QSTrendViewModel.m */; };
		8E6669E823BC8B2F000CE08E /* QSBaseModel.m in Sources */ = {isa = PBXBuildFile; fileRef = 8E6669E723BC8B2F000CE08E /* QSBaseModel.m */; };
		8E6669F123BC8DB5000CE08E /* QSPointKLineModel.m in Sources */ = {isa = PBXBuildFile; fileRef = 8E6669F023BC8DB5000CE08E /* QSPointKLineModel.m */; };
		8E6669F423BC8E38000CE08E /* QSPointShareTimeModel.m in Sources */ = {isa = PBXBuildFile; fileRef = 8E6669F323BC8E38000CE08E /* QSPointShareTimeModel.m */; };
		8E6669F723BC9252000CE08E /* QSTrendShareTimeVM.m in Sources */ = {isa = PBXBuildFile; fileRef = 8E6669F623BC9252000CE08E /* QSTrendShareTimeVM.m */; };
		8E6669FA23BC9262000CE08E /* QSTrendKLineVM.m in Sources */ = {isa = PBXBuildFile; fileRef = 8E6669F923BC9262000CE08E /* QSTrendKLineVM.m */; };
		8E6669FD23BC9D27000CE08E /* QSMainShareTimeView.m in Sources */ = {isa = PBXBuildFile; fileRef = 8E6669FC23BC9D27000CE08E /* QSMainShareTimeView.m */; };
		8E666A0023BC9D3C000CE08E /* QSMainKLineView.m in Sources */ = {isa = PBXBuildFile; fileRef = 8E6669FF23BC9D3C000CE08E /* QSMainKLineView.m */; };
		8E666A0323BCA024000CE08E /* QSPointPositionKLineModel.m in Sources */ = {isa = PBXBuildFile; fileRef = 8E666A0223BCA024000CE08E /* QSPointPositionKLineModel.m */; };
		8E666A0623BCA1E0000CE08E /* QSKlineModel.m in Sources */ = {isa = PBXBuildFile; fileRef = 8E666A0523BCA1E0000CE08E /* QSKlineModel.m */; };
		8E666A0923BCB08B000CE08E /* QSCurveModel.m in Sources */ = {isa = PBXBuildFile; fileRef = 8E666A0823BCB08B000CE08E /* QSCurveModel.m */; };
		8E666A0C23BCB0A6000CE08E /* QSCurveMACD.m in Sources */ = {isa = PBXBuildFile; fileRef = 8E666A0B23BCB0A6000CE08E /* QSCurveMACD.m */; };
		8E666A0F23BCB0BF000CE08E /* QSCurveKDJ.m in Sources */ = {isa = PBXBuildFile; fileRef = 8E666A0E23BCB0BF000CE08E /* QSCurveKDJ.m */; };
		8E666A1223BCB0D8000CE08E /* QSCurveBOLL.m in Sources */ = {isa = PBXBuildFile; fileRef = 8E666A1123BCB0D8000CE08E /* QSCurveBOLL.m */; };
		8E666A1923BCB35C000CE08E /* QSCurveProcess.m in Sources */ = {isa = PBXBuildFile; fileRef = 8E666A1823BCB35C000CE08E /* QSCurveProcess.m */; };
		8E6D18DF1F905C4500A82C39 /* MTBOLLUSALine.m in Sources */ = {isa = PBXBuildFile; fileRef = 8E6D18DE1F905C4500A82C39 /* MTBOLLUSALine.m */; };
		8E6D18E31F908F5400A82C39 /* MTTechMACDView.m in Sources */ = {isa = PBXBuildFile; fileRef = 8E6D18E21F908F5400A82C39 /* MTTechMACDView.m */; };
		8E6D18E61F9094FB00A82C39 /* MTMACDLine.m in Sources */ = {isa = PBXBuildFile; fileRef = 8E6D18E51F9094FB00A82C39 /* MTMACDLine.m */; };
		8E7BF544244C1D4300B4073E /* QSTechView.m in Sources */ = {isa = PBXBuildFile; fileRef = 8E7BF543244C1D4300B4073E /* QSTechView.m */; };
		8E7BF547244C1DFF00B4073E /* QSTechBaseView.m in Sources */ = {isa = PBXBuildFile; fileRef = 8E7BF546244C1DFF00B4073E /* QSTechBaseView.m */; };
		8E7BF54B244C1F4700B4073E /* QSTechMACDView.m in Sources */ = {isa = PBXBuildFile; fileRef = 8E7BF54A244C1F4700B4073E /* QSTechMACDView.m */; };
		8E7BF54E244C1FB300B4073E /* QSMACDLine.m in Sources */ = {isa = PBXBuildFile; fileRef = 8E7BF54D244C1FB300B4073E /* QSMACDLine.m */; };
		8E7BF552244C227A00B4073E /* QSTechBOLLView.m in Sources */ = {isa = PBXBuildFile; fileRef = 8E7BF551244C227A00B4073E /* QSTechBOLLView.m */; };
		8E7BF555244C229800B4073E /* QSBOLLUSALine.m in Sources */ = {isa = PBXBuildFile; fileRef = 8E7BF554244C229800B4073E /* QSBOLLUSALine.m */; };
		8E7BF559244C256300B4073E /* QSTechKDJView.m in Sources */ = {isa = PBXBuildFile; fileRef = 8E7BF558244C256300B4073E /* QSTechKDJView.m */; };
		8E7BF55D244C265800B4073E /* QSTechVolumeView.m in Sources */ = {isa = PBXBuildFile; fileRef = 8E7BF55C244C265800B4073E /* QSTechVolumeView.m */; };
		8E7BF560244C267000B4073E /* QSVolume.m in Sources */ = {isa = PBXBuildFile; fileRef = 8E7BF55F244C267000B4073E /* QSVolume.m */; };
		8E7BF563244C273000B4073E /* QSVolumePositionModel.m in Sources */ = {isa = PBXBuildFile; fileRef = 8E7BF562244C273000B4073E /* QSVolumePositionModel.m */; };
		8EA639E123C0892F002E8A81 /* QSCurveChartGlobalVariable.m in Sources */ = {isa = PBXBuildFile; fileRef = 8EA639E023C0892F002E8A81 /* QSCurveChartGlobalVariable.m */; };
		8EA639E423C08F73002E8A81 /* UIColor+CurveColor.m in Sources */ = {isa = PBXBuildFile; fileRef = 8EA639E323C08F73002E8A81 /* UIColor+CurveColor.m */; };
		8EA639E723C0918F002E8A81 /* QSShowDetailsView.m in Sources */ = {isa = PBXBuildFile; fileRef = 8EA639E623C0918F002E8A81 /* QSShowDetailsView.m */; };
		8EA639EA23C0922E002E8A81 /* QSKLine.m in Sources */ = {isa = PBXBuildFile; fileRef = 8EA639E923C0922E002E8A81 /* QSKLine.m */; };
		8EA639ED23C09309002E8A81 /* QSMALine.m in Sources */ = {isa = PBXBuildFile; fileRef = 8EA639EC23C09309002E8A81 /* QSMALine.m */; };
		8EB6E7B12573CA7C00B3FD5A /* QSCurveContext.m in Sources */ = {isa = PBXBuildFile; fileRef = 8EB6E7B02573CA7C00B3FD5A /* QSCurveContext.m */; };
		8EB6E7BA2573CB3500B3FD5A /* QSCurveStatus.m in Sources */ = {isa = PBXBuildFile; fileRef = 8EB6E7B92573CB3500B3FD5A /* QSCurveStatus.m */; };
		8EB6E7C02573D4F100B3FD5A /* QSTrackingCrossVM.m in Sources */ = {isa = PBXBuildFile; fileRef = 8EB6E7BF2573D4F100B3FD5A /* QSTrackingCrossVM.m */; };
		8ED2E2431F7641A600251618 /* MTDataManager.m in Sources */ = {isa = PBXBuildFile; fileRef = 8ED2E2421F7641A500251618 /* MTDataManager.m */; };
		8ED2E2461F7641D400251618 /* MTCurveProcess.m in Sources */ = {isa = PBXBuildFile; fileRef = 8ED2E2451F7641D400251618 /* MTCurveProcess.m */; };
		8ED2E2491F76420400251618 /* MTCurveObject.m in Sources */ = {isa = PBXBuildFile; fileRef = 8ED2E2481F76420400251618 /* MTCurveObject.m */; };
		8ED2E24F1F76423A00251618 /* MTCurveMACD.m in Sources */ = {isa = PBXBuildFile; fileRef = 8ED2E24E1F76423A00251618 /* MTCurveMACD.m */; };
		8EE7992E1F9DCAFC005F518C /* MTFenShiView.m in Sources */ = {isa = PBXBuildFile; fileRef = 8EE7992D1F9DCAFC005F518C /* MTFenShiView.m */; };
		8EE799361F9DD000005F518C /* MTTimeLineView.m in Sources */ = {isa = PBXBuildFile; fileRef = 8EE799351F9DD000005F518C /* MTTimeLineView.m */; };
		8EE799391F9DD3AF005F518C /* MTTimeLineModel.m in Sources */ = {isa = PBXBuildFile; fileRef = 8EE799381F9DD3AF005F518C /* MTTimeLineModel.m */; };
		8EE7993C1F9E01BD005F518C /* MTTimeLineVolumeView.m in Sources */ = {isa = PBXBuildFile; fileRef = 8EE7993B1F9E01BD005F518C /* MTTimeLineVolumeView.m */; };
		8EEF248E1F8B0BDE00C35E1C /* MTKLinePositionModel.m in Sources */ = {isa = PBXBuildFile; fileRef = 8EEF248D1F8B0BDE00C35E1C /* MTKLinePositionModel.m */; };
		8EEF24921F8B0E0600C35E1C /* UIColor+CurveChart.m in Sources */ = {isa = PBXBuildFile; fileRef = 8EEF24911F8B0E0600C35E1C /* UIColor+CurveChart.m */; };
		8EEF24951F8B159100C35E1C /* MTCurveChartGlobalVariable.m in Sources */ = {isa = PBXBuildFile; fileRef = 8EEF24941F8B159100C35E1C /* MTCurveChartGlobalVariable.m */; };
		8EF4B3051F95A86B0090FEB7 /* MTTrackingCrossView.m in Sources */ = {isa = PBXBuildFile; fileRef = 8EF4B3041F95A86B0090FEB7 /* MTTrackingCrossView.m */; };
		8EF9332F1F8F05960011E352 /* MTVolumePositionModel.m in Sources */ = {isa = PBXBuildFile; fileRef = 8EF9332E1F8F05960011E352 /* MTVolumePositionModel.m */; };
		8EF933491F8F45130011E352 /* MTTechBaseView.m in Sources */ = {isa = PBXBuildFile; fileRef = 8EF933481F8F45130011E352 /* MTTechBaseView.m */; };
		8EF9334F1F8F45A50011E352 /* MTTechVolumeView.m in Sources */ = {isa = PBXBuildFile; fileRef = 8EF9334E1F8F45A50011E352 /* MTTechVolumeView.m */; };
		8EF933521F8F45DA0011E352 /* MTVolume.m in Sources */ = {isa = PBXBuildFile; fileRef = 8EF933511F8F45DA0011E352 /* MTVolume.m */; };
		8EF933551F8F473D0011E352 /* MTTechKDJView.m in Sources */ = {isa = PBXBuildFile; fileRef = 8EF933541F8F473D0011E352 /* MTTechKDJView.m */; };
		8EF933581F8F7A930011E352 /* MTTechBOLLView.m in Sources */ = {isa = PBXBuildFile; fileRef = 8EF933571F8F7A930011E352 /* MTTechBOLLView.m */; };
		8EFBDE171F735E7C00F8554E /* SJCurveObject.m in Sources */ = {isa = PBXBuildFile; fileRef = 8EFBDE161F735E7C00F8554E /* SJCurveObject.m */; };
		8EFBDE1A1F736B4500F8554E /* SJCurveProcess.m in Sources */ = {isa = PBXBuildFile; fileRef = 8EFBDE191F736B4500F8554E /* SJCurveProcess.m */; };
		8EFF5ABF1F6F736900CD94F1 /* SJKlineModel.m in Sources */ = {isa = PBXBuildFile; fileRef = 8EFF5ABE1F6F736900CD94F1 /* SJKlineModel.m */; };
/* End PBXBuildFile section */

/* Begin PBXContainerItemProxy section */
		8E21E77E1F564DB700CD55E0 /* PBXContainerItemProxy */ = {
			isa = PBXContainerItemProxy;
			containerPortal = 8E21E75C1F564DB700CD55E0 /* Project object */;
			proxyType = 1;
			remoteGlobalIDString = 8E21E7631F564DB700CD55E0;
			remoteInfo = "分时k线demo";
		};
		8E21E7891F564DB700CD55E0 /* PBXContainerItemProxy */ = {
			isa = PBXContainerItemProxy;
			containerPortal = 8E21E75C1F564DB700CD55E0 /* Project object */;
			proxyType = 1;
			remoteGlobalIDString = 8E21E7631F564DB700CD55E0;
			remoteInfo = "分时k线demo";
		};
/* End PBXContainerItemProxy section */

/* Begin PBXFileReference section */
		8E0244751F8C68C1004AA725 /* MTMALine.h */ = {isa = PBXFileReference; lastKnownFileType = sourcecode.c.h; path = MTMALine.h; sourceTree = "<group>"; };
		8E0244761F8C68C1004AA725 /* MTMALine.m */ = {isa = PBXFileReference; lastKnownFileType = sourcecode.c.objc; path = MTMALine.m; sourceTree = "<group>"; };
		8E0244781F8CA2FA004AA725 /* MTKlineView.h */ = {isa = PBXFileReference; lastKnownFileType = sourcecode.c.h; path = MTKlineView.h; sourceTree = "<group>"; };
		8E0244791F8CA2FA004AA725 /* MTKlineView.m */ = {isa = PBXFileReference; lastKnownFileType = sourcecode.c.objc; path = MTKlineView.m; sourceTree = "<group>"; };
		8E0360A41F8E193600B485A2 /* MTTechView.h */ = {isa = PBXFileReference; lastKnownFileType = sourcecode.c.h; path = MTTechView.h; sourceTree = "<group>"; };
		8E0360A51F8E193600B485A2 /* MTTechView.m */ = {isa = PBXFileReference; lastKnownFileType = sourcecode.c.objc; path = MTTechView.m; sourceTree = "<group>"; };
		8E09F7712439ED5A00A21CAF /* ViewController.m */ = {isa = PBXFileReference; fileEncoding = 4; lastKnownFileType = sourcecode.c.objc; path = ViewController.m; sourceTree = "<group>"; };
		8E09F7722439ED5A00A21CAF /* ViewController.h */ = {isa = PBXFileReference; fileEncoding = 4; lastKnownFileType = sourcecode.c.h; path = ViewController.h; sourceTree = "<group>"; };
		8E09F7742439ED8500A21CAF /* TestController.m */ = {isa = PBXFileReference; fileEncoding = 4; lastKnownFileType = sourcecode.c.objc; path = TestController.m; sourceTree = "<group>"; };
		8E09F7752439ED8500A21CAF /* TestController.h */ = {isa = PBXFileReference; fileEncoding = 4; lastKnownFileType = sourcecode.c.h; path = TestController.h; sourceTree = "<group>"; };
		8E09F7762439ED8500A21CAF /* TestController.xib */ = {isa = PBXFileReference; fileEncoding = 4; lastKnownFileType = file.xib; path = TestController.xib; sourceTree = "<group>"; };
		8E09F77C2439EF4300A21CAF /* GCDMulticastDelegate.h */ = {isa = PBXFileReference; fileEncoding = 4; lastKnownFileType = sourcecode.c.h; path = GCDMulticastDelegate.h; sourceTree = "<group>"; };
		8E09F77D2439EF4300A21CAF /* GCDMulticastDelegate.m */ = {isa = PBXFileReference; fileEncoding = 4; lastKnownFileType = sourcecode.c.objc; path = GCDMulticastDelegate.m; sourceTree = "<group>"; };
		8E09F77F2439F36C00A21CAF /* QSKLineView.h */ = {isa = PBXFileReference; lastKnownFileType = sourcecode.c.h; path = QSKLineView.h; sourceTree = "<group>"; };
		8E09F7802439F36C00A21CAF /* QSKLineView.m */ = {isa = PBXFileReference; lastKnownFileType = sourcecode.c.objc; path = QSKLineView.m; sourceTree = "<group>"; };
		8E09F783243A15DA00A21CAF /* QSTrackingCrossView.h */ = {isa = PBXFileReference; lastKnownFileType = sourcecode.c.h; path = QSTrackingCrossView.h; sourceTree = "<group>"; };
		8E09F784243A15DA00A21CAF /* QSTrackingCrossView.m */ = {isa = PBXFileReference; lastKnownFileType = sourcecode.c.objc; path = QSTrackingCrossView.m; sourceTree = "<group>"; };
		8E18DCB11F9EE371003C47C0 /* MTTimeLineTrackingCrossView.h */ = {isa = PBXFileReference; lastKnownFileType = sourcecode.c.h; path = MTTimeLineTrackingCrossView.h; sourceTree = "<group>"; };
		8E18DCB21F9EE371003C47C0 /* MTTimeLineTrackingCrossView.m */ = {isa = PBXFileReference; lastKnownFileType = sourcecode.c.objc; path = MTTimeLineTrackingCrossView.m; sourceTree = "<group>"; };
		8E18DCB61F9EEBAF003C47C0 /* MTTimeLineTableView.h */ = {isa = PBXFileReference; lastKnownFileType = sourcecode.c.h; path = MTTimeLineTableView.h; sourceTree = "<group>"; };
		8E18DCB71F9EEBAF003C47C0 /* MTTimeLineTableView.m */ = {isa = PBXFileReference; lastKnownFileType = sourcecode.c.objc; path = MTTimeLineTableView.m; sourceTree = "<group>"; };
		8E18DCBF1F9F0A50003C47C0 /* MTFiveRecordCell.h */ = {isa = PBXFileReference; lastKnownFileType = sourcecode.c.h; path = MTFiveRecordCell.h; sourceTree = "<group>"; };
		8E18DCC01F9F0A50003C47C0 /* MTFiveRecordCell.m */ = {isa = PBXFileReference; lastKnownFileType = sourcecode.c.objc; path = MTFiveRecordCell.m; sourceTree = "<group>"; };
		8E18DCC11F9F0A50003C47C0 /* MTFiveRecordCell.xib */ = {isa = PBXFileReference; lastKnownFileType = file.xib; path = MTFiveRecordCell.xib; sourceTree = "<group>"; };
		8E18DCC41F9F0CB5003C47C0 /* MTFiveRecordTableView.h */ = {isa = PBXFileReference; lastKnownFileType = sourcecode.c.h; path = MTFiveRecordTableView.h; sourceTree = "<group>"; };
		8E18DCC51F9F0CB5003C47C0 /* MTFiveRecordTableView.m */ = {isa = PBXFileReference; lastKnownFileType = sourcecode.c.objc; path = MTFiveRecordTableView.m; sourceTree = "<group>"; };
		8E18DCC71F9F0DD1003C47C0 /* MTFiveRecordModel.h */ = {isa = PBXFileReference; lastKnownFileType = sourcecode.c.h; path = MTFiveRecordModel.h; sourceTree = "<group>"; };
		8E18DCC81F9F0DD1003C47C0 /* MTFiveRecordModel.m */ = {isa = PBXFileReference; lastKnownFileType = sourcecode.c.objc; path = MTFiveRecordModel.m; sourceTree = "<group>"; };
		8E18DCCA1F9F254D003C47C0 /* MTTimeLineDetailedView.h */ = {isa = PBXFileReference; lastKnownFileType = sourcecode.c.h; path = MTTimeLineDetailedView.h; sourceTree = "<group>"; };
		8E18DCCB1F9F254D003C47C0 /* MTTimeLineDetailedView.m */ = {isa = PBXFileReference; lastKnownFileType = sourcecode.c.objc; path = MTTimeLineDetailedView.m; sourceTree = "<group>"; };
		8E18DCCD1F9F257D003C47C0 /* MTDaDanView.h */ = {isa = PBXFileReference; lastKnownFileType = sourcecode.c.h; path = MTDaDanView.h; sourceTree = "<group>"; };
		8E18DCCE1F9F257D003C47C0 /* MTDaDanView.m */ = {isa = PBXFileReference; lastKnownFileType = sourcecode.c.objc; path = MTDaDanView.m; sourceTree = "<group>"; };
		8E21E7641F564DB700CD55E0 /* 股票趋势.app */ = {isa = PBXFileReference; explicitFileType = wrapper.application; includeInIndex = 0; path = "股票趋势.app"; sourceTree = BUILT_PRODUCTS_DIR; };
		8E21E7681F564DB700CD55E0 /* main.m */ = {isa = PBXFileReference; lastKnownFileType = sourcecode.c.objc; path = main.m; sourceTree = "<group>"; };
		8E21E76A1F564DB700CD55E0 /* AppDelegate.h */ = {isa = PBXFileReference; lastKnownFileType = sourcecode.c.h; path = AppDelegate.h; sourceTree = "<group>"; };
		8E21E76B1F564DB700CD55E0 /* AppDelegate.m */ = {isa = PBXFileReference; lastKnownFileType = sourcecode.c.objc; path = AppDelegate.m; sourceTree = "<group>"; };
		8E21E7711F564DB700CD55E0 /* Base */ = {isa = PBXFileReference; lastKnownFileType = file.storyboard; name = Base; path = Base.lproj/Main.storyboard; sourceTree = "<group>"; };
		8E21E7731F564DB700CD55E0 /* Assets.xcassets */ = {isa = PBXFileReference; lastKnownFileType = folder.assetcatalog; path = Assets.xcassets; sourceTree = "<group>"; };
		8E21E7761F564DB700CD55E0 /* Base */ = {isa = PBXFileReference; lastKnownFileType = file.storyboard; name = Base; path = Base.lproj/LaunchScreen.storyboard; sourceTree = "<group>"; };
		8E21E7781F564DB700CD55E0 /* Info.plist */ = {isa = PBXFileReference; lastKnownFileType = text.plist.xml; path = Info.plist; sourceTree = "<group>"; };
		8E21E77D1F564DB700CD55E0 /* 分时k线demoTests.xctest */ = {isa = PBXFileReference; explicitFileType = wrapper.cfbundle; includeInIndex = 0; path = "分时k线demoTests.xctest"; sourceTree = BUILT_PRODUCTS_DIR; };
		8E21E7811F564DB700CD55E0 /* __k_demoTests.m */ = {isa = PBXFileReference; lastKnownFileType = sourcecode.c.objc; path = __k_demoTests.m; sourceTree = "<group>"; };
		8E21E7831F564DB700CD55E0 /* Info.plist */ = {isa = PBXFileReference; lastKnownFileType = text.plist.xml; path = Info.plist; sourceTree = "<group>"; };
		8E21E7881F564DB700CD55E0 /* 分时k线demoUITests.xctest */ = {isa = PBXFileReference; explicitFileType = wrapper.cfbundle; includeInIndex = 0; path = "分时k线demoUITests.xctest"; sourceTree = BUILT_PRODUCTS_DIR; };
		8E21E78C1F564DB700CD55E0 /* __k_demoUITests.m */ = {isa = PBXFileReference; lastKnownFileType = sourcecode.c.objc; path = __k_demoUITests.m; sourceTree = "<group>"; };
		8E21E78E1F564DB700CD55E0 /* Info.plist */ = {isa = PBXFileReference; lastKnownFileType = text.plist.xml; path = Info.plist; sourceTree = "<group>"; };
		8E2299411FA031C8008BC129 /* MTShowDetailsView.h */ = {isa = PBXFileReference; lastKnownFileType = sourcecode.c.h; path = MTShowDetailsView.h; sourceTree = "<group>"; };
		8E2299421FA031C8008BC129 /* MTShowDetailsView.m */ = {isa = PBXFileReference; lastKnownFileType = sourcecode.c.objc; path = MTShowDetailsView.m; sourceTree = "<group>"; };
		8E3896421F7F6E72006AEC92 /* MTMianKLineView.h */ = {isa = PBXFileReference; lastKnownFileType = sourcecode.c.h; path = MTMianKLineView.h; sourceTree = "<group>"; };
		8E3896431F7F6E72006AEC92 /* MTMianKLineView.m */ = {isa = PBXFileReference; lastKnownFileType = sourcecode.c.objc; path = MTMianKLineView.m; sourceTree = "<group>"; };
		8E3896451F7F6F08006AEC92 /* MTKLine.h */ = {isa = PBXFileReference; lastKnownFileType = sourcecode.c.h; path = MTKLine.h; sourceTree = "<group>"; };
		8E3896461F7F6F08006AEC92 /* MTKLine.m */ = {isa = PBXFileReference; lastKnownFileType = sourcecode.c.objc; path = MTKLine.m; sourceTree = "<group>"; };
		8E3B2054243B30EE00753592 /* QSKLineHelper.h */ = {isa = PBXFileReference; lastKnownFileType = sourcecode.c.h; path = QSKLineHelper.h; sourceTree = "<group>"; };
		8E3B2055243B30EE00753592 /* QSKLineHelper.m */ = {isa = PBXFileReference; lastKnownFileType = sourcecode.c.objc; path = QSKLineHelper.m; sourceTree = "<group>"; };
		8E4F2C091F7CFB990082A3F5 /* MTCurveKDJ.h */ = {isa = PBXFileReference; lastKnownFileType = sourcecode.c.h; path = MTCurveKDJ.h; sourceTree = "<group>"; };
		8E4F2C0A1F7CFB990082A3F5 /* MTCurveKDJ.m */ = {isa = PBXFileReference; lastKnownFileType = sourcecode.c.objc; path = MTCurveKDJ.m; sourceTree = "<group>"; };
		8E4F2C0C1F7D031F0082A3F5 /* MTCurveBOLL.h */ = {isa = PBXFileReference; lastKnownFileType = sourcecode.c.h; path = MTCurveBOLL.h; sourceTree = "<group>"; };
		8E4F2C0D1F7D031F0082A3F5 /* MTCurveBOLL.m */ = {isa = PBXFileReference; lastKnownFileType = sourcecode.c.objc; path = MTCurveBOLL.m; sourceTree = "<group>"; };
		8E5C86071F70EC8A00F5DE86 /* SJManageDataToModel.h */ = {isa = PBXFileReference; fileEncoding = 4; lastKnownFileType = sourcecode.c.h; path = SJManageDataToModel.h; sourceTree = "<group>"; };
		8E5C86081F70EC8A00F5DE86 /* SJManageDataToModel.m */ = {isa = PBXFileReference; fileEncoding = 4; lastKnownFileType = sourcecode.c.objc; path = SJManageDataToModel.m; sourceTree = "<group>"; };
		8E5C86111F70F1DD00F5DE86 /* SJCurveChartConstant.h */ = {isa = PBXFileReference; lastKnownFileType = sourcecode.c.h; path = SJCurveChartConstant.h; sourceTree = "<group>"; };
		8E6669D323BC8882000CE08E /* QSBaseViewController.h */ = {isa = PBXFileReference; lastKnownFileType = sourcecode.c.h; path = QSBaseViewController.h; sourceTree = "<group>"; };
		8E6669D423BC8882000CE08E /* QSBaseViewController.m */ = {isa = PBXFileReference; lastKnownFileType = sourcecode.c.objc; path = QSBaseViewController.m; sourceTree = "<group>"; };
		8E6669DB23BC8965000CE08E /* QSTrendMainVC.h */ = {isa = PBXFileReference; lastKnownFileType = sourcecode.c.h; path = QSTrendMainVC.h; sourceTree = "<group>"; };
		8E6669DC23BC8965000CE08E /* QSTrendMainVC.m */ = {isa = PBXFileReference; lastKnownFileType = sourcecode.c.objc; path = QSTrendMainVC.m; sourceTree = "<group>"; };
		8E6669DF23BC89F7000CE08E /* QSBaseViewModel.h */ = {isa = PBXFileReference; lastKnownFileType = sourcecode.c.h; path = QSBaseViewModel.h; sourceTree = "<group>"; };
		8E6669E023BC89F7000CE08E /* QSBaseViewModel.m */ = {isa = PBXFileReference; lastKnownFileType = sourcecode.c.objc; path = QSBaseViewModel.m; sourceTree = "<group>"; };
		8E6669E223BC8A16000CE08E /* QSTrendViewModel.h */ = {isa = PBXFileReference; lastKnownFileType = sourcecode.c.h; path = QSTrendViewModel.h; sourceTree = "<group>"; };
		8E6669E323BC8A16000CE08E /* QSTrendViewModel.m */ = {isa = PBXFileReference; lastKnownFileType = sourcecode.c.objc; path = QSTrendViewModel.m; sourceTree = "<group>"; };
		8E6669E623BC8B2F000CE08E /* QSBaseModel.h */ = {isa = PBXFileReference; lastKnownFileType = sourcecode.c.h; path = QSBaseModel.h; sourceTree = "<group>"; };
		8E6669E723BC8B2F000CE08E /* QSBaseModel.m */ = {isa = PBXFileReference; lastKnownFileType = sourcecode.c.objc; path = QSBaseModel.m; sourceTree = "<group>"; };
		8E6669EF23BC8DB5000CE08E /* QSPointKLineModel.h */ = {isa = PBXFileReference; lastKnownFileType = sourcecode.c.h; path = QSPointKLineModel.h; sourceTree = "<group>"; };
		8E6669F023BC8DB5000CE08E /* QSPointKLineModel.m */ = {isa = PBXFileReference; lastKnownFileType = sourcecode.c.objc; path = QSPointKLineModel.m; sourceTree = "<group>"; };
		8E6669F223BC8E38000CE08E /* QSPointShareTimeModel.h */ = {isa = PBXFileReference; lastKnownFileType = sourcecode.c.h; path = QSPointShareTimeModel.h; sourceTree = "<group>"; };
		8E6669F323BC8E38000CE08E /* QSPointShareTimeModel.m */ = {isa = PBXFileReference; lastKnownFileType = sourcecode.c.objc; path = QSPointShareTimeModel.m; sourceTree = "<group>"; };
		8E6669F523BC9252000CE08E /* QSTrendShareTimeVM.h */ = {isa = PBXFileReference; lastKnownFileType = sourcecode.c.h; path = QSTrendShareTimeVM.h; sourceTree = "<group>"; };
		8E6669F623BC9252000CE08E /* QSTrendShareTimeVM.m */ = {isa = PBXFileReference; lastKnownFileType = sourcecode.c.objc; path = QSTrendShareTimeVM.m; sourceTree = "<group>"; };
		8E6669F823BC9262000CE08E /* QSTrendKLineVM.h */ = {isa = PBXFileReference; lastKnownFileType = sourcecode.c.h; path = QSTrendKLineVM.h; sourceTree = "<group>"; };
		8E6669F923BC9262000CE08E /* QSTrendKLineVM.m */ = {isa = PBXFileReference; lastKnownFileType = sourcecode.c.objc; path = QSTrendKLineVM.m; sourceTree = "<group>"; };
		8E6669FB23BC9D27000CE08E /* QSMainShareTimeView.h */ = {isa = PBXFileReference; lastKnownFileType = sourcecode.c.h; path = QSMainShareTimeView.h; sourceTree = "<group>"; };
		8E6669FC23BC9D27000CE08E /* QSMainShareTimeView.m */ = {isa = PBXFileReference; lastKnownFileType = sourcecode.c.objc; path = QSMainShareTimeView.m; sourceTree = "<group>"; };
		8E6669FE23BC9D3C000CE08E /* QSMainKLineView.h */ = {isa = PBXFileReference; lastKnownFileType = sourcecode.c.h; path = QSMainKLineView.h; sourceTree = "<group>"; };
		8E6669FF23BC9D3C000CE08E /* QSMainKLineView.m */ = {isa = PBXFileReference; lastKnownFileType = sourcecode.c.objc; path = QSMainKLineView.m; sourceTree = "<group>"; };
		8E666A0123BCA024000CE08E /* QSPointPositionKLineModel.h */ = {isa = PBXFileReference; lastKnownFileType = sourcecode.c.h; path = QSPointPositionKLineModel.h; sourceTree = "<group>"; };
		8E666A0223BCA024000CE08E /* QSPointPositionKLineModel.m */ = {isa = PBXFileReference; lastKnownFileType = sourcecode.c.objc; path = QSPointPositionKLineModel.m; sourceTree = "<group>"; };
		8E666A0423BCA1E0000CE08E /* QSKlineModel.h */ = {isa = PBXFileReference; lastKnownFileType = sourcecode.c.h; path = QSKlineModel.h; sourceTree = "<group>"; };
		8E666A0523BCA1E0000CE08E /* QSKlineModel.m */ = {isa = PBXFileReference; lastKnownFileType = sourcecode.c.objc; path = QSKlineModel.m; sourceTree = "<group>"; };
		8E666A0723BCB08B000CE08E /* QSCurveModel.h */ = {isa = PBXFileReference; lastKnownFileType = sourcecode.c.h; path = QSCurveModel.h; sourceTree = "<group>"; };
		8E666A0823BCB08B000CE08E /* QSCurveModel.m */ = {isa = PBXFileReference; lastKnownFileType = sourcecode.c.objc; path = QSCurveModel.m; sourceTree = "<group>"; };
		8E666A0A23BCB0A6000CE08E /* QSCurveMACD.h */ = {isa = PBXFileReference; lastKnownFileType = sourcecode.c.h; path = QSCurveMACD.h; sourceTree = "<group>"; };
		8E666A0B23BCB0A6000CE08E /* QSCurveMACD.m */ = {isa = PBXFileReference; lastKnownFileType = sourcecode.c.objc; path = QSCurveMACD.m; sourceTree = "<group>"; };
		8E666A0D23BCB0BF000CE08E /* QSCurveKDJ.h */ = {isa = PBXFileReference; lastKnownFileType = sourcecode.c.h; path = QSCurveKDJ.h; sourceTree = "<group>"; };
		8E666A0E23BCB0BF000CE08E /* QSCurveKDJ.m */ = {isa = PBXFileReference; lastKnownFileType = sourcecode.c.objc; path = QSCurveKDJ.m; sourceTree = "<group>"; };
		8E666A1023BCB0D8000CE08E /* QSCurveBOLL.h */ = {isa = PBXFileReference; lastKnownFileType = sourcecode.c.h; path = QSCurveBOLL.h; sourceTree = "<group>"; };
		8E666A1123BCB0D8000CE08E /* QSCurveBOLL.m */ = {isa = PBXFileReference; lastKnownFileType = sourcecode.c.objc; path = QSCurveBOLL.m; sourceTree = "<group>"; };
		8E666A1623BCB1A9000CE08E /* QSConstant.h */ = {isa = PBXFileReference; lastKnownFileType = sourcecode.c.h; path = QSConstant.h; sourceTree = "<group>"; };
		8E666A1723BCB35C000CE08E /* QSCurveProcess.h */ = {isa = PBXFileReference; lastKnownFileType = sourcecode.c.h; path = QSCurveProcess.h; sourceTree = "<group>"; };
		8E666A1823BCB35C000CE08E /* QSCurveProcess.m */ = {isa = PBXFileReference; lastKnownFileType = sourcecode.c.objc; path = QSCurveProcess.m; sourceTree = "<group>"; };
		8E6D18DD1F905C4500A82C39 /* MTBOLLUSALine.h */ = {isa = PBXFileReference; lastKnownFileType = sourcecode.c.h; path = MTBOLLUSALine.h; sourceTree = "<group>"; };
		8E6D18DE1F905C4500A82C39 /* MTBOLLUSALine.m */ = {isa = PBXFileReference; lastKnownFileType = sourcecode.c.objc; path = MTBOLLUSALine.m; sourceTree = "<group>"; };
		8E6D18E11F908F5400A82C39 /* MTTechMACDView.h */ = {isa = PBXFileReference; lastKnownFileType = sourcecode.c.h; path = MTTechMACDView.h; sourceTree = "<group>"; };
		8E6D18E21F908F5400A82C39 /* MTTechMACDView.m */ = {isa = PBXFileReference; lastKnownFileType = sourcecode.c.objc; path = MTTechMACDView.m; sourceTree = "<group>"; };
		8E6D18E41F9094FB00A82C39 /* MTMACDLine.h */ = {isa = PBXFileReference; lastKnownFileType = sourcecode.c.h; path = MTMACDLine.h; sourceTree = "<group>"; };
		8E6D18E51F9094FB00A82C39 /* MTMACDLine.m */ = {isa = PBXFileReference; lastKnownFileType = sourcecode.c.objc; path = MTMACDLine.m; sourceTree = "<group>"; };
		8E7BF542244C1D4300B4073E /* QSTechView.h */ = {isa = PBXFileReference; lastKnownFileType = sourcecode.c.h; path = QSTechView.h; sourceTree = "<group>"; };
		8E7BF543244C1D4300B4073E /* QSTechView.m */ = {isa = PBXFileReference; lastKnownFileType = sourcecode.c.objc; path = QSTechView.m; sourceTree = "<group>"; };
		8E7BF545244C1DFF00B4073E /* QSTechBaseView.h */ = {isa = PBXFileReference; lastKnownFileType = sourcecode.c.h; path = QSTechBaseView.h; sourceTree = "<group>"; };
		8E7BF546244C1DFF00B4073E /* QSTechBaseView.m */ = {isa = PBXFileReference; lastKnownFileType = sourcecode.c.objc; path = QSTechBaseView.m; sourceTree = "<group>"; };
		8E7BF549244C1F4700B4073E /* QSTechMACDView.h */ = {isa = PBXFileReference; lastKnownFileType = sourcecode.c.h; path = QSTechMACDView.h; sourceTree = "<group>"; };
		8E7BF54A244C1F4700B4073E /* QSTechMACDView.m */ = {isa = PBXFileReference; lastKnownFileType = sourcecode.c.objc; path = QSTechMACDView.m; sourceTree = "<group>"; };
		8E7BF54C244C1FB300B4073E /* QSMACDLine.h */ = {isa = PBXFileReference; lastKnownFileType = sourcecode.c.h; path = QSMACDLine.h; sourceTree = "<group>"; };
		8E7BF54D244C1FB300B4073E /* QSMACDLine.m */ = {isa = PBXFileReference; lastKnownFileType = sourcecode.c.objc; path = QSMACDLine.m; sourceTree = "<group>"; };
		8E7BF550244C227A00B4073E /* QSTechBOLLView.h */ = {isa = PBXFileReference; lastKnownFileType = sourcecode.c.h; path = QSTechBOLLView.h; sourceTree = "<group>"; };
		8E7BF551244C227A00B4073E /* QSTechBOLLView.m */ = {isa = PBXFileReference; lastKnownFileType = sourcecode.c.objc; path = QSTechBOLLView.m; sourceTree = "<group>"; };
		8E7BF553244C229800B4073E /* QSBOLLUSALine.h */ = {isa = PBXFileReference; lastKnownFileType = sourcecode.c.h; path = QSBOLLUSALine.h; sourceTree = "<group>"; };
		8E7BF554244C229800B4073E /* QSBOLLUSALine.m */ = {isa = PBXFileReference; lastKnownFileType = sourcecode.c.objc; path = QSBOLLUSALine.m; sourceTree = "<group>"; };
		8E7BF557244C256300B4073E /* QSTechKDJView.h */ = {isa = PBXFileReference; lastKnownFileType = sourcecode.c.h; path = QSTechKDJView.h; sourceTree = "<group>"; };
		8E7BF558244C256300B4073E /* QSTechKDJView.m */ = {isa = PBXFileReference; lastKnownFileType = sourcecode.c.objc; path = QSTechKDJView.m; sourceTree = "<group>"; };
		8E7BF55B244C265800B4073E /* QSTechVolumeView.h */ = {isa = PBXFileReference; lastKnownFileType = sourcecode.c.h; path = QSTechVolumeView.h; sourceTree = "<group>"; };
		8E7BF55C244C265800B4073E /* QSTechVolumeView.m */ = {isa = PBXFileReference; lastKnownFileType = sourcecode.c.objc; path = QSTechVolumeView.m; sourceTree = "<group>"; };
		8E7BF55E244C267000B4073E /* QSVolume.h */ = {isa = PBXFileReference; lastKnownFileType = sourcecode.c.h; path = QSVolume.h; sourceTree = "<group>"; };
		8E7BF55F244C267000B4073E /* QSVolume.m */ = {isa = PBXFileReference; lastKnownFileType = sourcecode.c.objc; path = QSVolume.m; sourceTree = "<group>"; };
		8E7BF561244C273000B4073E /* QSVolumePositionModel.h */ = {isa = PBXFileReference; lastKnownFileType = sourcecode.c.h; path = QSVolumePositionModel.h; sourceTree = "<group>"; };
		8E7BF562244C273000B4073E /* QSVolumePositionModel.m */ = {isa = PBXFileReference; lastKnownFileType = sourcecode.c.objc; path = QSVolumePositionModel.m; sourceTree = "<group>"; };
		8EA639DF23C0892F002E8A81 /* QSCurveChartGlobalVariable.h */ = {isa = PBXFileReference; lastKnownFileType = sourcecode.c.h; path = QSCurveChartGlobalVariable.h; sourceTree = "<group>"; };
		8EA639E023C0892F002E8A81 /* QSCurveChartGlobalVariable.m */ = {isa = PBXFileReference; lastKnownFileType = sourcecode.c.objc; path = QSCurveChartGlobalVariable.m; sourceTree = "<group>"; };
		8EA639E223C08F73002E8A81 /* UIColor+CurveColor.h */ = {isa = PBXFileReference; lastKnownFileType = sourcecode.c.h; path = "UIColor+CurveColor.h"; sourceTree = "<group>"; };
		8EA639E323C08F73002E8A81 /* UIColor+CurveColor.m */ = {isa = PBXFileReference; lastKnownFileType = sourcecode.c.objc; path = "UIColor+CurveColor.m"; sourceTree = "<group>"; };
		8EA639E523C0918F002E8A81 /* QSShowDetailsView.h */ = {isa = PBXFileReference; lastKnownFileType = sourcecode.c.h; path = QSShowDetailsView.h; sourceTree = "<group>"; };
		8EA639E623C0918F002E8A81 /* QSShowDetailsView.m */ = {isa = PBXFileReference; lastKnownFileType = sourcecode.c.objc; path = QSShowDetailsView.m; sourceTree = "<group>"; };
		8EA639E823C0922E002E8A81 /* QSKLine.h */ = {isa = PBXFileReference; lastKnownFileType = sourcecode.c.h; path = QSKLine.h; sourceTree = "<group>"; };
		8EA639E923C0922E002E8A81 /* QSKLine.m */ = {isa = PBXFileReference; lastKnownFileType = sourcecode.c.objc; path = QSKLine.m; sourceTree = "<group>"; };
		8EA639EB23C09309002E8A81 /* QSMALine.h */ = {isa = PBXFileReference; lastKnownFileType = sourcecode.c.h; path = QSMALine.h; sourceTree = "<group>"; };
		8EA639EC23C09309002E8A81 /* QSMALine.m */ = {isa = PBXFileReference; lastKnownFileType = sourcecode.c.objc; path = QSMALine.m; sourceTree = "<group>"; };
		8EB6E7AF2573CA7C00B3FD5A /* QSCurveContext.h */ = {isa = PBXFileReference; lastKnownFileType = sourcecode.c.h; path = QSCurveContext.h; sourceTree = "<group>"; };
		8EB6E7B02573CA7C00B3FD5A /* QSCurveContext.m */ = {isa = PBXFileReference; lastKnownFileType = sourcecode.c.objc; path = QSCurveContext.m; sourceTree = "<group>"; };
		8EB6E7B82573CB3500B3FD5A /* QSCurveStatus.h */ = {isa = PBXFileReference; lastKnownFileType = sourcecode.c.h; path = QSCurveStatus.h; sourceTree = "<group>"; };
		8EB6E7B92573CB3500B3FD5A /* QSCurveStatus.m */ = {isa = PBXFileReference; lastKnownFileType = sourcecode.c.objc; path = QSCurveStatus.m; sourceTree = "<group>"; };
		8EB6E7BE2573D4F100B3FD5A /* QSTrackingCrossVM.h */ = {isa = PBXFileReference; lastKnownFileType = sourcecode.c.h; path = QSTrackingCrossVM.h; sourceTree = "<group>"; };
		8EB6E7BF2573D4F100B3FD5A /* QSTrackingCrossVM.m */ = {isa = PBXFileReference; lastKnownFileType = sourcecode.c.objc; path = QSTrackingCrossVM.m; sourceTree = "<group>"; };
		8ED2E2411F7641A500251618 /* MTDataManager.h */ = {isa = PBXFileReference; fileEncoding = 4; lastKnownFileType = sourcecode.c.h; path = MTDataManager.h; sourceTree = "<group>"; };
		8ED2E2421F7641A500251618 /* MTDataManager.m */ = {isa = PBXFileReference; fileEncoding = 4; lastKnownFileType = sourcecode.c.objc; path = MTDataManager.m; sourceTree = "<group>"; };
		8ED2E2441F7641D400251618 /* MTCurveProcess.h */ = {isa = PBXFileReference; fileEncoding = 4; lastKnownFileType = sourcecode.c.h; path = MTCurveProcess.h; sourceTree = "<group>"; };
		8ED2E2451F7641D400251618 /* MTCurveProcess.m */ = {isa = PBXFileReference; fileEncoding = 4; lastKnownFileType = sourcecode.c.objc; path = MTCurveProcess.m; sourceTree = "<group>"; };
		8ED2E2471F76420400251618 /* MTCurveObject.h */ = {isa = PBXFileReference; fileEncoding = 4; lastKnownFileType = sourcecode.c.h; path = MTCurveObject.h; sourceTree = "<group>"; };
		8ED2E2481F76420400251618 /* MTCurveObject.m */ = {isa = PBXFileReference; fileEncoding = 4; lastKnownFileType = sourcecode.c.objc; path = MTCurveObject.m; sourceTree = "<group>"; };
		8ED2E24D1F76423A00251618 /* MTCurveMACD.h */ = {isa = PBXFileReference; fileEncoding = 4; lastKnownFileType = sourcecode.c.h; path = MTCurveMACD.h; sourceTree = "<group>"; };
		8ED2E24E1F76423A00251618 /* MTCurveMACD.m */ = {isa = PBXFileReference; fileEncoding = 4; lastKnownFileType = sourcecode.c.objc; path = MTCurveMACD.m; sourceTree = "<group>"; };
		8ED3C0DF256A9E7D0052F206 /* QSTrendViewModelProtocol.h */ = {isa = PBXFileReference; lastKnownFileType = sourcecode.c.h; path = QSTrendViewModelProtocol.h; sourceTree = "<group>"; };
		8EE7992C1F9DCAFC005F518C /* MTFenShiView.h */ = {isa = PBXFileReference; lastKnownFileType = sourcecode.c.h; path = MTFenShiView.h; sourceTree = "<group>"; };
		8EE7992D1F9DCAFC005F518C /* MTFenShiView.m */ = {isa = PBXFileReference; lastKnownFileType = sourcecode.c.objc; path = MTFenShiView.m; sourceTree = "<group>"; };
		8EE799341F9DD000005F518C /* MTTimeLineView.h */ = {isa = PBXFileReference; lastKnownFileType = sourcecode.c.h; path = MTTimeLineView.h; sourceTree = "<group>"; };
		8EE799351F9DD000005F518C /* MTTimeLineView.m */ = {isa = PBXFileReference; lastKnownFileType = sourcecode.c.objc; path = MTTimeLineView.m; sourceTree = "<group>"; };
		8EE799371F9DD3AF005F518C /* MTTimeLineModel.h */ = {isa = PBXFileReference; lastKnownFileType = sourcecode.c.h; path = MTTimeLineModel.h; sourceTree = "<group>"; };
		8EE799381F9DD3AF005F518C /* MTTimeLineModel.m */ = {isa = PBXFileReference; lastKnownFileType = sourcecode.c.objc; path = MTTimeLineModel.m; sourceTree = "<group>"; };
		8EE7993A1F9E01BD005F518C /* MTTimeLineVolumeView.h */ = {isa = PBXFileReference; lastKnownFileType = sourcecode.c.h; path = MTTimeLineVolumeView.h; sourceTree = "<group>"; };
		8EE7993B1F9E01BD005F518C /* MTTimeLineVolumeView.m */ = {isa = PBXFileReference; lastKnownFileType = sourcecode.c.objc; path = MTTimeLineVolumeView.m; sourceTree = "<group>"; };
		8EEF248C1F8B0BDE00C35E1C /* MTKLinePositionModel.h */ = {isa = PBXFileReference; lastKnownFileType = sourcecode.c.h; path = MTKLinePositionModel.h; sourceTree = "<group>"; };
		8EEF248D1F8B0BDE00C35E1C /* MTKLinePositionModel.m */ = {isa = PBXFileReference; lastKnownFileType = sourcecode.c.objc; path = MTKLinePositionModel.m; sourceTree = "<group>"; };
		8EEF24901F8B0E0600C35E1C /* UIColor+CurveChart.h */ = {isa = PBXFileReference; lastKnownFileType = sourcecode.c.h; path = "UIColor+CurveChart.h"; sourceTree = "<group>"; };
		8EEF24911F8B0E0600C35E1C /* UIColor+CurveChart.m */ = {isa = PBXFileReference; lastKnownFileType = sourcecode.c.objc; path = "UIColor+CurveChart.m"; sourceTree = "<group>"; };
		8EEF24931F8B159100C35E1C /* MTCurveChartGlobalVariable.h */ = {isa = PBXFileReference; lastKnownFileType = sourcecode.c.h; path = MTCurveChartGlobalVariable.h; sourceTree = "<group>"; };
		8EEF24941F8B159100C35E1C /* MTCurveChartGlobalVariable.m */ = {isa = PBXFileReference; lastKnownFileType = sourcecode.c.objc; path = MTCurveChartGlobalVariable.m; sourceTree = "<group>"; };
		8EF4B3031F95A86B0090FEB7 /* MTTrackingCrossView.h */ = {isa = PBXFileReference; lastKnownFileType = sourcecode.c.h; path = MTTrackingCrossView.h; sourceTree = "<group>"; };
		8EF4B3041F95A86B0090FEB7 /* MTTrackingCrossView.m */ = {isa = PBXFileReference; lastKnownFileType = sourcecode.c.objc; path = MTTrackingCrossView.m; sourceTree = "<group>"; };
		8EF9332D1F8F05960011E352 /* MTVolumePositionModel.h */ = {isa = PBXFileReference; lastKnownFileType = sourcecode.c.h; path = MTVolumePositionModel.h; sourceTree = "<group>"; };
		8EF9332E1F8F05960011E352 /* MTVolumePositionModel.m */ = {isa = PBXFileReference; lastKnownFileType = sourcecode.c.objc; path = MTVolumePositionModel.m; sourceTree = "<group>"; };
		8EF933471F8F45130011E352 /* MTTechBaseView.h */ = {isa = PBXFileReference; lastKnownFileType = sourcecode.c.h; path = MTTechBaseView.h; sourceTree = "<group>"; };
		8EF933481F8F45130011E352 /* MTTechBaseView.m */ = {isa = PBXFileReference; lastKnownFileType = sourcecode.c.objc; path = MTTechBaseView.m; sourceTree = "<group>"; };
		8EF9334D1F8F45A50011E352 /* MTTechVolumeView.h */ = {isa = PBXFileReference; lastKnownFileType = sourcecode.c.h; path = MTTechVolumeView.h; sourceTree = "<group>"; };
		8EF9334E1F8F45A50011E352 /* MTTechVolumeView.m */ = {isa = PBXFileReference; lastKnownFileType = sourcecode.c.objc; path = MTTechVolumeView.m; sourceTree = "<group>"; };
		8EF933501F8F45DA0011E352 /* MTVolume.h */ = {isa = PBXFileReference; lastKnownFileType = sourcecode.c.h; path = MTVolume.h; sourceTree = "<group>"; };
		8EF933511F8F45DA0011E352 /* MTVolume.m */ = {isa = PBXFileReference; lastKnownFileType = sourcecode.c.objc; path = MTVolume.m; sourceTree = "<group>"; };
		8EF933531F8F473D0011E352 /* MTTechKDJView.h */ = {isa = PBXFileReference; lastKnownFileType = sourcecode.c.h; path = MTTechKDJView.h; sourceTree = "<group>"; };
		8EF933541F8F473D0011E352 /* MTTechKDJView.m */ = {isa = PBXFileReference; lastKnownFileType = sourcecode.c.objc; path = MTTechKDJView.m; sourceTree = "<group>"; };
		8EF933561F8F7A930011E352 /* MTTechBOLLView.h */ = {isa = PBXFileReference; lastKnownFileType = sourcecode.c.h; path = MTTechBOLLView.h; sourceTree = "<group>"; };
		8EF933571F8F7A930011E352 /* MTTechBOLLView.m */ = {isa = PBXFileReference; lastKnownFileType = sourcecode.c.objc; path = MTTechBOLLView.m; sourceTree = "<group>"; };
		8EFBDE151F735E7C00F8554E /* SJCurveObject.h */ = {isa = PBXFileReference; fileEncoding = 4; lastKnownFileType = sourcecode.c.h; path = SJCurveObject.h; sourceTree = "<group>"; };
		8EFBDE161F735E7C00F8554E /* SJCurveObject.m */ = {isa = PBXFileReference; fileEncoding = 4; lastKnownFileType = sourcecode.c.objc; path = SJCurveObject.m; sourceTree = "<group>"; };
		8EFBDE181F736B4500F8554E /* SJCurveProcess.h */ = {isa = PBXFileReference; fileEncoding = 4; lastKnownFileType = sourcecode.c.h; path = SJCurveProcess.h; sourceTree = "<group>"; };
		8EFBDE191F736B4500F8554E /* SJCurveProcess.m */ = {isa = PBXFileReference; fileEncoding = 4; lastKnownFileType = sourcecode.c.objc; path = SJCurveProcess.m; sourceTree = "<group>"; };
		8EFF5ABD1F6F736900CD94F1 /* SJKlineModel.h */ = {isa = PBXFileReference; fileEncoding = 4; lastKnownFileType = sourcecode.c.h; path = SJKlineModel.h; sourceTree = "<group>"; };
		8EFF5ABE1F6F736900CD94F1 /* SJKlineModel.m */ = {isa = PBXFileReference; fileEncoding = 4; lastKnownFileType = sourcecode.c.objc; path = SJKlineModel.m; sourceTree = "<group>"; };
/* End PBXFileReference section */

/* Begin PBXFrameworksBuildPhase section */
		8E21E7611F564DB700CD55E0 /* Frameworks */ = {
			isa = PBXFrameworksBuildPhase;
			buildActionMask = 2147483647;
			files = (
			);
			runOnlyForDeploymentPostprocessing = 0;
		};
		8E21E77A1F564DB700CD55E0 /* Frameworks */ = {
			isa = PBXFrameworksBuildPhase;
			buildActionMask = 2147483647;
			files = (
			);
			runOnlyForDeploymentPostprocessing = 0;
		};
		8E21E7851F564DB700CD55E0 /* Frameworks */ = {
			isa = PBXFrameworksBuildPhase;
			buildActionMask = 2147483647;
			files = (
			);
			runOnlyForDeploymentPostprocessing = 0;
		};
/* End PBXFrameworksBuildPhase section */

/* Begin PBXGroup section */
		8E03609D1F8E152A00B485A2 /* techViews */ = {
			isa = PBXGroup;
			children = (
				8E0360A41F8E193600B485A2 /* MTTechView.h */,
				8E0360A51F8E193600B485A2 /* MTTechView.m */,
				8EF933441F8F44D60011E352 /* TechBaseView */,
				8E6D18E01F908F3300A82C39 /* MACDView */,
				8EF933451F8F44D60011E352 /* BOLLView */,
				8EF933461F8F44D60011E352 /* KDJView */,
				8EF933431F8F44D60011E352 /* VolumeView */,
			);
			path = techViews;
			sourceTree = "<group>";
		};
		8E09F76E2439EBE000A21CAF /* srcs */ = {
			isa = PBXGroup;
			children = (
				8E09F77A2439EF0B00A21CAF /* common */,
				8E09F76F2439EBE000A21CAF /* app */,
			);
			path = srcs;
			sourceTree = "<group>";
		};
		8E09F76F2439EBE000A21CAF /* app */ = {
			isa = PBXGroup;
			children = (
				8E21E79C1F565C5900CD55E0 /* test */,
				8E21E79B1F565C5900CD55E0 /* 分时k线 */,
				8E09F7702439EBE000A21CAF /* QSCurveChart */,
			);
			path = app;
			sourceTree = "<group>";
		};
		8E09F7702439EBE000A21CAF /* QSCurveChart */ = {
			isa = PBXGroup;
			children = (
				8EB6E7AE2573CA4700B3FD5A /* Common */,
				8E6669D623BC889C000CE08E /* Base */,
				8E6669BF23BC8856000CE08E /* kLineAndShareTime */,
			);
			path = QSCurveChart;
			sourceTree = "<group>";
		};
		8E09F7792439EE9200A21CAF /* qs-universal */ = {
			isa = PBXGroup;
			children = (
				8E21E76A1F564DB700CD55E0 /* AppDelegate.h */,
				8E21E76B1F564DB700CD55E0 /* AppDelegate.m */,
				8E09F7722439ED5A00A21CAF /* ViewController.h */,
				8E09F7712439ED5A00A21CAF /* ViewController.m */,
			);
			path = "qs-universal";
			sourceTree = "<group>";
		};
		8E09F77A2439EF0B00A21CAF /* common */ = {
			isa = PBXGroup;
			children = (
				8E09F77B2439EF3400A21CAF /* GCDMulticastDelegate */,
			);
			path = common;
			sourceTree = "<group>";
		};
		8E09F77B2439EF3400A21CAF /* GCDMulticastDelegate */ = {
			isa = PBXGroup;
			children = (
				8E09F77C2439EF4300A21CAF /* GCDMulticastDelegate.h */,
				8E09F77D2439EF4300A21CAF /* GCDMulticastDelegate.m */,
			);
			path = GCDMulticastDelegate;
			sourceTree = "<group>";
		};
		8E09F782243A15CF00A21CAF /* TrackingCrossView */ = {
			isa = PBXGroup;
			children = (
				8E09F783243A15DA00A21CAF /* QSTrackingCrossView.h */,
				8E09F784243A15DA00A21CAF /* QSTrackingCrossView.m */,
			);
			path = TrackingCrossView;
			sourceTree = "<group>";
		};
		8E18DCB01F9EE343003C47C0 /* trackingCrossView */ = {
			isa = PBXGroup;
			children = (
				8E18DCB11F9EE371003C47C0 /* MTTimeLineTrackingCrossView.h */,
				8E18DCB21F9EE371003C47C0 /* MTTimeLineTrackingCrossView.m */,
			);
			path = trackingCrossView;
			sourceTree = "<group>";
		};
		8E18DCB51F9EEB71003C47C0 /* 分时附属图 */ = {
			isa = PBXGroup;
			children = (
				8E18DCB61F9EEBAF003C47C0 /* MTTimeLineTableView.h */,
				8E18DCB71F9EEBAF003C47C0 /* MTTimeLineTableView.m */,
				8E18DCB91F9F09B7003C47C0 /* 大单 */,
				8E18DCBA1F9F09B7003C47C0 /* 明细 */,
				8E18DCBB1F9F09B7003C47C0 /* 五档 */,
			);
			path = "分时附属图";
			sourceTree = "<group>";
		};
		8E18DCB91F9F09B7003C47C0 /* 大单 */ = {
			isa = PBXGroup;
			children = (
				8E18DCCD1F9F257D003C47C0 /* MTDaDanView.h */,
				8E18DCCE1F9F257D003C47C0 /* MTDaDanView.m */,
			);
			path = "大单";
			sourceTree = "<group>";
		};
		8E18DCBA1F9F09B7003C47C0 /* 明细 */ = {
			isa = PBXGroup;
			children = (
				8E18DCCA1F9F254D003C47C0 /* MTTimeLineDetailedView.h */,
				8E18DCCB1F9F254D003C47C0 /* MTTimeLineDetailedView.m */,
			);
			path = "明细";
			sourceTree = "<group>";
		};
		8E18DCBB1F9F09B7003C47C0 /* 五档 */ = {
			isa = PBXGroup;
			children = (
				8E18DCBF1F9F0A50003C47C0 /* MTFiveRecordCell.h */,
				8E18DCC01F9F0A50003C47C0 /* MTFiveRecordCell.m */,
				8E18DCC11F9F0A50003C47C0 /* MTFiveRecordCell.xib */,
				8E18DCC41F9F0CB5003C47C0 /* MTFiveRecordTableView.h */,
				8E18DCC51F9F0CB5003C47C0 /* MTFiveRecordTableView.m */,
				8E18DCC71F9F0DD1003C47C0 /* MTFiveRecordModel.h */,
				8E18DCC81F9F0DD1003C47C0 /* MTFiveRecordModel.m */,
			);
			path = "五档";
			sourceTree = "<group>";
		};
		8E21E75B1F564DB700CD55E0 = {
			isa = PBXGroup;
			children = (
				8E21E7661F564DB700CD55E0 /* 分时k线demo */,
				8E21E7801F564DB700CD55E0 /* 分时k线demoTests */,
				8E21E78B1F564DB700CD55E0 /* 分时k线demoUITests */,
				8E21E7651F564DB700CD55E0 /* Products */,
			);
			sourceTree = "<group>";
		};
		8E21E7651F564DB700CD55E0 /* Products */ = {
			isa = PBXGroup;
			children = (
				8E21E7641F564DB700CD55E0 /* 股票趋势.app */,
				8E21E77D1F564DB700CD55E0 /* 分时k线demoTests.xctest */,
				8E21E7881F564DB700CD55E0 /* 分时k线demoUITests.xctest */,
			);
			name = Products;
			sourceTree = "<group>";
		};
		8E21E7661F564DB700CD55E0 /* 分时k线demo */ = {
			isa = PBXGroup;
			children = (
				8E09F7792439EE9200A21CAF /* qs-universal */,
				8E09F76E2439EBE000A21CAF /* srcs */,
				8E21E7701F564DB700CD55E0 /* Main.storyboard */,
				8E21E7731F564DB700CD55E0 /* Assets.xcassets */,
				8E21E7751F564DB700CD55E0 /* LaunchScreen.storyboard */,
				8E21E7781F564DB700CD55E0 /* Info.plist */,
				8E21E7671F564DB700CD55E0 /* Supporting Files */,
			);
			path = "分时k线demo";
			sourceTree = "<group>";
		};
		8E21E7671F564DB700CD55E0 /* Supporting Files */ = {
			isa = PBXGroup;
			children = (
				8E21E7681F564DB700CD55E0 /* main.m */,
			);
			name = "Supporting Files";
			sourceTree = "<group>";
		};
		8E21E7801F564DB700CD55E0 /* 分时k线demoTests */ = {
			isa = PBXGroup;
			children = (
				8E21E7811F564DB700CD55E0 /* __k_demoTests.m */,
				8E21E7831F564DB700CD55E0 /* Info.plist */,
			);
			path = "分时k线demoTests";
			sourceTree = "<group>";
		};
		8E21E78B1F564DB700CD55E0 /* 分时k线demoUITests */ = {
			isa = PBXGroup;
			children = (
				8E21E78C1F564DB700CD55E0 /* __k_demoUITests.m */,
				8E21E78E1F564DB700CD55E0 /* Info.plist */,
			);
			path = "分时k线demoUITests";
			sourceTree = "<group>";
		};
		8E21E79B1F565C5900CD55E0 /* 分时k线 */ = {
			isa = PBXGroup;
			children = (
				8ED2E2401F76414800251618 /* techs */,
				8E5595B01F6BAD2C004976B7 /* globalVariable */,
				8E5595B11F6BAD2C004976B7 /* models */,
				8E5595B21F6BAD2C004976B7 /* tools */,
				8E5595B31F6BAD2C004976B7 /* views */,
			);
			path = "分时k线";
			sourceTree = "<group>";
		};
		8E21E79C1F565C5900CD55E0 /* test */ = {
			isa = PBXGroup;
			children = (
				8E09F7752439ED8500A21CAF /* TestController.h */,
				8E09F7742439ED8500A21CAF /* TestController.m */,
				8E09F7762439ED8500A21CAF /* TestController.xib */,
			);
			path = test;
			sourceTree = "<group>";
		};
		8E3896411F7F6E4C006AEC92 /* mianKLine */ = {
			isa = PBXGroup;
			children = (
				8EF4B3061F95DF460090FEB7 /* kLineShowView */,
				8E3896421F7F6E72006AEC92 /* MTMianKLineView.h */,
				8E3896431F7F6E72006AEC92 /* MTMianKLineView.m */,
				8E3896451F7F6F08006AEC92 /* MTKLine.h */,
				8E3896461F7F6F08006AEC92 /* MTKLine.m */,
				8E0244751F8C68C1004AA725 /* MTMALine.h */,
				8E0244761F8C68C1004AA725 /* MTMALine.m */,
			);
			path = mianKLine;
			sourceTree = "<group>";
		};
		8E5595B01F6BAD2C004976B7 /* globalVariable */ = {
			isa = PBXGroup;
			children = (
				8EEF248F1F8B0D9B00C35E1C /* theme */,
				8E5C860D1F70F16A00F5DE86 /* constant */,
				8EEF24931F8B159100C35E1C /* MTCurveChartGlobalVariable.h */,
				8EEF24941F8B159100C35E1C /* MTCurveChartGlobalVariable.m */,
			);
			path = globalVariable;
			sourceTree = "<group>";
		};
		8E5595B11F6BAD2C004976B7 /* models */ = {
			isa = PBXGroup;
			children = (
				8E5C86071F70EC8A00F5DE86 /* SJManageDataToModel.h */,
				8E5C86081F70EC8A00F5DE86 /* SJManageDataToModel.m */,
				8EFBDE181F736B4500F8554E /* SJCurveProcess.h */,
				8EFBDE191F736B4500F8554E /* SJCurveProcess.m */,
				8EFBDE151F735E7C00F8554E /* SJCurveObject.h */,
				8EFBDE161F735E7C00F8554E /* SJCurveObject.m */,
				8EFF5ABD1F6F736900CD94F1 /* SJKlineModel.h */,
				8EFF5ABE1F6F736900CD94F1 /* SJKlineModel.m */,
				8EEF248C1F8B0BDE00C35E1C /* MTKLinePositionModel.h */,
				8EEF248D1F8B0BDE00C35E1C /* MTKLinePositionModel.m */,
				8EF9332D1F8F05960011E352 /* MTVolumePositionModel.h */,
				8EF9332E1F8F05960011E352 /* MTVolumePositionModel.m */,
				8EE799371F9DD3AF005F518C /* MTTimeLineModel.h */,
				8EE799381F9DD3AF005F518C /* MTTimeLineModel.m */,
			);
			path = models;
			sourceTree = "<group>";
		};
		8E5595B21F6BAD2C004976B7 /* tools */ = {
			isa = PBXGroup;
			children = (
			);
			path = tools;
			sourceTree = "<group>";
		};
		8E5595B31F6BAD2C004976B7 /* views */ = {
			isa = PBXGroup;
			children = (
				8E5595B41F6BAD2C004976B7 /* kLine */,
				8E5595B51F6BAD2C004976B7 /* shareTime */,
			);
			path = views;
			sourceTree = "<group>";
		};
		8E5595B41F6BAD2C004976B7 /* kLine */ = {
			isa = PBXGroup;
			children = (
				8EF4B3021F95A84B0090FEB7 /* trackingCrossView */,
				8E03609D1F8E152A00B485A2 /* techViews */,
				8E3896411F7F6E4C006AEC92 /* mianKLine */,
				8E0244781F8CA2FA004AA725 /* MTKlineView.h */,
				8E0244791F8CA2FA004AA725 /* MTKlineView.m */,
			);
			path = kLine;
			sourceTree = "<group>";
		};
		8E5595B51F6BAD2C004976B7 /* shareTime */ = {
			isa = PBXGroup;
			children = (
				8EE7992C1F9DCAFC005F518C /* MTFenShiView.h */,
				8EE7992D1F9DCAFC005F518C /* MTFenShiView.m */,
				8E18DCB51F9EEB71003C47C0 /* 分时附属图 */,
				8E18DCB01F9EE343003C47C0 /* trackingCrossView */,
				8EE799301F9DCF68005F518C /* 成交量 */,
				8EE7992F1F9DCF5E005F518C /* 分时图 */,
			);
			path = shareTime;
			sourceTree = "<group>";
		};
		8E5C860D1F70F16A00F5DE86 /* constant */ = {
			isa = PBXGroup;
			children = (
				8E5C86111F70F1DD00F5DE86 /* SJCurveChartConstant.h */,
			);
			path = constant;
			sourceTree = "<group>";
		};
		8E6669BF23BC8856000CE08E /* kLineAndShareTime */ = {
			isa = PBXGroup;
			children = (
				8E6669C023BC8856000CE08E /* ShareTime */,
				8E6669C623BC8856000CE08E /* Utils */,
				8E6669C723BC8856000CE08E /* VM */,
				8E6669C823BC8856000CE08E /* VC */,
				8E6669C923BC8856000CE08E /* Model */,
				8E6669CA23BC8856000CE08E /* View */,
				8E6669CD23BC8856000CE08E /* kLine */,
			);
			path = kLineAndShareTime;
			sourceTree = "<group>";
		};
		8E6669C023BC8856000CE08E /* ShareTime */ = {
			isa = PBXGroup;
			children = (
				8E6669C123BC8856000CE08E /* VM */,
				8E6669C223BC8856000CE08E /* Model */,
				8E6669C323BC8856000CE08E /* View */,
			);
			path = ShareTime;
			sourceTree = "<group>";
		};
		8E6669C123BC8856000CE08E /* VM */ = {
			isa = PBXGroup;
			children = (
			);
			path = VM;
			sourceTree = "<group>";
		};
		8E6669C223BC8856000CE08E /* Model */ = {
			isa = PBXGroup;
			children = (
			);
			path = Model;
			sourceTree = "<group>";
		};
		8E6669C323BC8856000CE08E /* View */ = {
			isa = PBXGroup;
			children = (
				8E6669C423BC8856000CE08E /* ShareTime */,
				8E6669C523BC8856000CE08E /* kLine */,
			);
			path = View;
			sourceTree = "<group>";
		};
		8E6669C423BC8856000CE08E /* ShareTime */ = {
			isa = PBXGroup;
			children = (
			);
			path = ShareTime;
			sourceTree = "<group>";
		};
		8E6669C523BC8856000CE08E /* kLine */ = {
			isa = PBXGroup;
			children = (
			);
			path = kLine;
			sourceTree = "<group>";
		};
		8E6669C623BC8856000CE08E /* Utils */ = {
			isa = PBXGroup;
			children = (
				8E666A1623BCB1A9000CE08E /* QSConstant.h */,
				8EA639DF23C0892F002E8A81 /* QSCurveChartGlobalVariable.h */,
				8EA639E023C0892F002E8A81 /* QSCurveChartGlobalVariable.m */,
				8EA639E223C08F73002E8A81 /* UIColor+CurveColor.h */,
				8EA639E323C08F73002E8A81 /* UIColor+CurveColor.m */,
				8E3B2054243B30EE00753592 /* QSKLineHelper.h */,
				8E3B2055243B30EE00753592 /* QSKLineHelper.m */,
			);
			path = Utils;
			sourceTree = "<group>";
		};
		8E6669C723BC8856000CE08E /* VM */ = {
			isa = PBXGroup;
			children = (
				8ED3C0DF256A9E7D0052F206 /* QSTrendViewModelProtocol.h */,
				8E6669E223BC8A16000CE08E /* QSTrendViewModel.h */,
				8E6669E323BC8A16000CE08E /* QSTrendViewModel.m */,
				8E6669F523BC9252000CE08E /* QSTrendShareTimeVM.h */,
				8E6669F623BC9252000CE08E /* QSTrendShareTimeVM.m */,
				8E6669F823BC9262000CE08E /* QSTrendKLineVM.h */,
				8E6669F923BC9262000CE08E /* QSTrendKLineVM.m */,
				8EB6E7BE2573D4F100B3FD5A /* QSTrackingCrossVM.h */,
				8EB6E7BF2573D4F100B3FD5A /* QSTrackingCrossVM.m */,
				8E666A1723BCB35C000CE08E /* QSCurveProcess.h */,
				8E666A1823BCB35C000CE08E /* QSCurveProcess.m */,
			);
			path = VM;
			sourceTree = "<group>";
		};
		8E6669C823BC8856000CE08E /* VC */ = {
			isa = PBXGroup;
			children = (
				8E6669DB23BC8965000CE08E /* QSTrendMainVC.h */,
				8E6669DC23BC8965000CE08E /* QSTrendMainVC.m */,
			);
			path = VC;
			sourceTree = "<group>";
		};
		8E6669C923BC8856000CE08E /* Model */ = {
			isa = PBXGroup;
			children = (
				8E6669EF23BC8DB5000CE08E /* QSPointKLineModel.h */,
				8E6669F023BC8DB5000CE08E /* QSPointKLineModel.m */,
				8E666A0123BCA024000CE08E /* QSPointPositionKLineModel.h */,
				8E666A0223BCA024000CE08E /* QSPointPositionKLineModel.m */,
				8E666A0A23BCB0A6000CE08E /* QSCurveMACD.h */,
				8E666A0B23BCB0A6000CE08E /* QSCurveMACD.m */,
				8E666A0D23BCB0BF000CE08E /* QSCurveKDJ.h */,
				8E666A0E23BCB0BF000CE08E /* QSCurveKDJ.m */,
				8E666A1023BCB0D8000CE08E /* QSCurveBOLL.h */,
				8E666A1123BCB0D8000CE08E /* QSCurveBOLL.m */,
				8E666A0423BCA1E0000CE08E /* QSKlineModel.h */,
				8E666A0523BCA1E0000CE08E /* QSKlineModel.m */,
				8E7BF561244C273000B4073E /* QSVolumePositionModel.h */,
				8E7BF562244C273000B4073E /* QSVolumePositionModel.m */,
				8E6669F223BC8E38000CE08E /* QSPointShareTimeModel.h */,
				8E6669F323BC8E38000CE08E /* QSPointShareTimeModel.m */,
			);
			path = Model;
			sourceTree = "<group>";
		};
		8E6669CA23BC8856000CE08E /* View */ = {
			isa = PBXGroup;
			children = (
				8E6669CB23BC8856000CE08E /* ShareTime */,
				8E6669CC23BC8856000CE08E /* kLine */,
			);
			path = View;
			sourceTree = "<group>";
		};
		8E6669CB23BC8856000CE08E /* ShareTime */ = {
			isa = PBXGroup;
			children = (
				8E6669FB23BC9D27000CE08E /* QSMainShareTimeView.h */,
				8E6669FC23BC9D27000CE08E /* QSMainShareTimeView.m */,
			);
			path = ShareTime;
			sourceTree = "<group>";
		};
		8E6669CC23BC8856000CE08E /* kLine */ = {
			isa = PBXGroup;
			children = (
				8E09F77F2439F36C00A21CAF /* QSKLineView.h */,
				8E09F7802439F36C00A21CAF /* QSKLineView.m */,
				8E6669FE23BC9D3C000CE08E /* QSMainKLineView.h */,
				8E6669FF23BC9D3C000CE08E /* QSMainKLineView.m */,
				8EA639E523C0918F002E8A81 /* QSShowDetailsView.h */,
				8EA639E623C0918F002E8A81 /* QSShowDetailsView.m */,
				8EA639E823C0922E002E8A81 /* QSKLine.h */,
				8EA639E923C0922E002E8A81 /* QSKLine.m */,
				8EA639EB23C09309002E8A81 /* QSMALine.h */,
				8EA639EC23C09309002E8A81 /* QSMALine.m */,
				8E7BF541244C1CFB00B4073E /* Techs */,
				8E09F782243A15CF00A21CAF /* TrackingCrossView */,
			);
			path = kLine;
			sourceTree = "<group>";
		};
		8E6669CD23BC8856000CE08E /* kLine */ = {
			isa = PBXGroup;
			children = (
				8E6669CE23BC8856000CE08E /* VM */,
				8E6669CF23BC8856000CE08E /* Model */,
				8E6669D023BC8856000CE08E /* View */,
			);
			path = kLine;
			sourceTree = "<group>";
		};
		8E6669CE23BC8856000CE08E /* VM */ = {
			isa = PBXGroup;
			children = (
			);
			path = VM;
			sourceTree = "<group>";
		};
		8E6669CF23BC8856000CE08E /* Model */ = {
			isa = PBXGroup;
			children = (
			);
			path = Model;
			sourceTree = "<group>";
		};
		8E6669D023BC8856000CE08E /* View */ = {
			isa = PBXGroup;
			children = (
				8E6669D123BC8856000CE08E /* ShareTime */,
				8E6669D223BC8856000CE08E /* kLine */,
			);
			path = View;
			sourceTree = "<group>";
		};
		8E6669D123BC8856000CE08E /* ShareTime */ = {
			isa = PBXGroup;
			children = (
			);
			path = ShareTime;
			sourceTree = "<group>";
		};
		8E6669D223BC8856000CE08E /* kLine */ = {
			isa = PBXGroup;
			children = (
			);
			path = kLine;
			sourceTree = "<group>";
		};
		8E6669D623BC889C000CE08E /* Base */ = {
			isa = PBXGroup;
			children = (
				8E6669E523BC8B1B000CE08E /* Model */,
				8E6669DE23BC89D7000CE08E /* VM */,
				8E6669D723BC889C000CE08E /* VC */,
			);
			path = Base;
			sourceTree = "<group>";
		};
		8E6669D723BC889C000CE08E /* VC */ = {
			isa = PBXGroup;
			children = (
				8E6669D323BC8882000CE08E /* QSBaseViewController.h */,
				8E6669D423BC8882000CE08E /* QSBaseViewController.m */,
			);
			path = VC;
			sourceTree = "<group>";
		};
		8E6669DE23BC89D7000CE08E /* VM */ = {
			isa = PBXGroup;
			children = (
				8E6669DF23BC89F7000CE08E /* QSBaseViewModel.h */,
				8E6669E023BC89F7000CE08E /* QSBaseViewModel.m */,
			);
			path = VM;
			sourceTree = "<group>";
		};
		8E6669E523BC8B1B000CE08E /* Model */ = {
			isa = PBXGroup;
			children = (
				8E6669E623BC8B2F000CE08E /* QSBaseModel.h */,
				8E6669E723BC8B2F000CE08E /* QSBaseModel.m */,
				8E666A0723BCB08B000CE08E /* QSCurveModel.h */,
				8E666A0823BCB08B000CE08E /* QSCurveModel.m */,
			);
			path = Model;
			sourceTree = "<group>";
		};
		8E6D18E01F908F3300A82C39 /* MACDView */ = {
			isa = PBXGroup;
			children = (
				8E6D18E11F908F5400A82C39 /* MTTechMACDView.h */,
				8E6D18E21F908F5400A82C39 /* MTTechMACDView.m */,
				8E6D18E41F9094FB00A82C39 /* MTMACDLine.h */,
				8E6D18E51F9094FB00A82C39 /* MTMACDLine.m */,
			);
			path = MACDView;
			sourceTree = "<group>";
		};
		8E7BF541244C1CFB00B4073E /* Techs */ = {
			isa = PBXGroup;
			children = (
				8E7BF542244C1D4300B4073E /* QSTechView.h */,
				8E7BF543244C1D4300B4073E /* QSTechView.m */,
				8E7BF545244C1DFF00B4073E /* QSTechBaseView.h */,
				8E7BF546244C1DFF00B4073E /* QSTechBaseView.m */,
				8E7BF55A244C264C00B4073E /* Volume */,
				8E7BF556244C255600B4073E /* KDJ */,
				8E7BF54F244C225E00B4073E /* BOLL */,
				8E7BF548244C1F2400B4073E /* MACD */,
			);
			path = Techs;
			sourceTree = "<group>";
		};
		8E7BF548244C1F2400B4073E /* MACD */ = {
			isa = PBXGroup;
			children = (
				8E7BF549244C1F4700B4073E /* QSTechMACDView.h */,
				8E7BF54A244C1F4700B4073E /* QSTechMACDView.m */,
				8E7BF54C244C1FB300B4073E /* QSMACDLine.h */,
				8E7BF54D244C1FB300B4073E /* QSMACDLine.m */,
			);
			path = MACD;
			sourceTree = "<group>";
		};
		8E7BF54F244C225E00B4073E /* BOLL */ = {
			isa = PBXGroup;
			children = (
				8E7BF550244C227A00B4073E /* QSTechBOLLView.h */,
				8E7BF551244C227A00B4073E /* QSTechBOLLView.m */,
				8E7BF553244C229800B4073E /* QSBOLLUSALine.h */,
				8E7BF554244C229800B4073E /* QSBOLLUSALine.m */,
			);
			path = BOLL;
			sourceTree = "<group>";
		};
		8E7BF556244C255600B4073E /* KDJ */ = {
			isa = PBXGroup;
			children = (
				8E7BF557244C256300B4073E /* QSTechKDJView.h */,
				8E7BF558244C256300B4073E /* QSTechKDJView.m */,
			);
			path = KDJ;
			sourceTree = "<group>";
		};
		8E7BF55A244C264C00B4073E /* Volume */ = {
			isa = PBXGroup;
			children = (
				8E7BF55B244C265800B4073E /* QSTechVolumeView.h */,
				8E7BF55C244C265800B4073E /* QSTechVolumeView.m */,
				8E7BF55E244C267000B4073E /* QSVolume.h */,
				8E7BF55F244C267000B4073E /* QSVolume.m */,
			);
			path = Volume;
			sourceTree = "<group>";
		};
		8EB6E7AE2573CA4700B3FD5A /* Common */ = {
			isa = PBXGroup;
			children = (
				8EB6E7AF2573CA7C00B3FD5A /* QSCurveContext.h */,
				8EB6E7B02573CA7C00B3FD5A /* QSCurveContext.m */,
				8EB6E7B82573CB3500B3FD5A /* QSCurveStatus.h */,
				8EB6E7B92573CB3500B3FD5A /* QSCurveStatus.m */,
			);
			path = Common;
			sourceTree = "<group>";
		};
		8ED2E2401F76414800251618 /* techs */ = {
			isa = PBXGroup;
			children = (
				8ED2E2411F7641A500251618 /* MTDataManager.h */,
				8ED2E2421F7641A500251618 /* MTDataManager.m */,
				8ED2E2441F7641D400251618 /* MTCurveProcess.h */,
				8ED2E2451F7641D400251618 /* MTCurveProcess.m */,
				8ED2E2471F76420400251618 /* MTCurveObject.h */,
				8ED2E2481F76420400251618 /* MTCurveObject.m */,
				8ED2E24D1F76423A00251618 /* MTCurveMACD.h */,
				8ED2E24E1F76423A00251618 /* MTCurveMACD.m */,
				8E4F2C091F7CFB990082A3F5 /* MTCurveKDJ.h */,
				8E4F2C0A1F7CFB990082A3F5 /* MTCurveKDJ.m */,
				8E4F2C0C1F7D031F0082A3F5 /* MTCurveBOLL.h */,
				8E4F2C0D1F7D031F0082A3F5 /* MTCurveBOLL.m */,
			);
			path = techs;
			sourceTree = "<group>";
		};
		8EE7992F1F9DCF5E005F518C /* 分时图 */ = {
			isa = PBXGroup;
			children = (
				8EE799341F9DD000005F518C /* MTTimeLineView.h */,
				8EE799351F9DD000005F518C /* MTTimeLineView.m */,
			);
			path = "分时图";
			sourceTree = "<group>";
		};
		8EE799301F9DCF68005F518C /* 成交量 */ = {
			isa = PBXGroup;
			children = (
				8EE7993A1F9E01BD005F518C /* MTTimeLineVolumeView.h */,
				8EE7993B1F9E01BD005F518C /* MTTimeLineVolumeView.m */,
			);
			path = "成交量";
			sourceTree = "<group>";
		};
		8EEF248F1F8B0D9B00C35E1C /* theme */ = {
			isa = PBXGroup;
			children = (
				8EEF24901F8B0E0600C35E1C /* UIColor+CurveChart.h */,
				8EEF24911F8B0E0600C35E1C /* UIColor+CurveChart.m */,
			);
			path = theme;
			sourceTree = "<group>";
		};
		8EF4B3021F95A84B0090FEB7 /* trackingCrossView */ = {
			isa = PBXGroup;
			children = (
				8EF4B3031F95A86B0090FEB7 /* MTTrackingCrossView.h */,
				8EF4B3041F95A86B0090FEB7 /* MTTrackingCrossView.m */,
			);
			path = trackingCrossView;
			sourceTree = "<group>";
		};
		8EF4B3061F95DF460090FEB7 /* kLineShowView */ = {
			isa = PBXGroup;
			children = (
				8E2299411FA031C8008BC129 /* MTShowDetailsView.h */,
				8E2299421FA031C8008BC129 /* MTShowDetailsView.m */,
			);
			path = kLineShowView;
			sourceTree = "<group>";
		};
		8EF933431F8F44D60011E352 /* VolumeView */ = {
			isa = PBXGroup;
			children = (
				8EF9334D1F8F45A50011E352 /* MTTechVolumeView.h */,
				8EF9334E1F8F45A50011E352 /* MTTechVolumeView.m */,
				8EF933501F8F45DA0011E352 /* MTVolume.h */,
				8EF933511F8F45DA0011E352 /* MTVolume.m */,
			);
			path = VolumeView;
			sourceTree = "<group>";
		};
		8EF933441F8F44D60011E352 /* TechBaseView */ = {
			isa = PBXGroup;
			children = (
				8EF933471F8F45130011E352 /* MTTechBaseView.h */,
				8EF933481F8F45130011E352 /* MTTechBaseView.m */,
			);
			path = TechBaseView;
			sourceTree = "<group>";
		};
		8EF933451F8F44D60011E352 /* BOLLView */ = {
			isa = PBXGroup;
			children = (
				8EF933561F8F7A930011E352 /* MTTechBOLLView.h */,
				8EF933571F8F7A930011E352 /* MTTechBOLLView.m */,
				8E6D18DD1F905C4500A82C39 /* MTBOLLUSALine.h */,
				8E6D18DE1F905C4500A82C39 /* MTBOLLUSALine.m */,
			);
			path = BOLLView;
			sourceTree = "<group>";
		};
		8EF933461F8F44D60011E352 /* KDJView */ = {
			isa = PBXGroup;
			children = (
				8EF933531F8F473D0011E352 /* MTTechKDJView.h */,
				8EF933541F8F473D0011E352 /* MTTechKDJView.m */,
			);
			path = KDJView;
			sourceTree = "<group>";
		};
/* End PBXGroup section */

/* Begin PBXNativeTarget section */
		8E21E7631F564DB700CD55E0 /* 分时k线demo */ = {
			isa = PBXNativeTarget;
			buildConfigurationList = 8E21E7911F564DB700CD55E0 /* Build configuration list for PBXNativeTarget "分时k线demo" */;
			buildPhases = (
				8E21E7601F564DB700CD55E0 /* Sources */,
				8E21E7611F564DB700CD55E0 /* Frameworks */,
				8E21E7621F564DB700CD55E0 /* Resources */,
			);
			buildRules = (
			);
			dependencies = (
			);
			name = "分时k线demo";
			productName = "分时k线demo";
			productReference = 8E21E7641F564DB700CD55E0 /* 股票趋势.app */;
			productType = "com.apple.product-type.application";
		};
		8E21E77C1F564DB700CD55E0 /* 分时k线demoTests */ = {
			isa = PBXNativeTarget;
			buildConfigurationList = 8E21E7941F564DB700CD55E0 /* Build configuration list for PBXNativeTarget "分时k线demoTests" */;
			buildPhases = (
				8E21E7791F564DB700CD55E0 /* Sources */,
				8E21E77A1F564DB700CD55E0 /* Frameworks */,
				8E21E77B1F564DB700CD55E0 /* Resources */,
			);
			buildRules = (
			);
			dependencies = (
				8E21E77F1F564DB700CD55E0 /* PBXTargetDependency */,
			);
			name = "分时k线demoTests";
			productName = "分时k线demoTests";
			productReference = 8E21E77D1F564DB700CD55E0 /* 分时k线demoTests.xctest */;
			productType = "com.apple.product-type.bundle.unit-test";
		};
		8E21E7871F564DB700CD55E0 /* 分时k线demoUITests */ = {
			isa = PBXNativeTarget;
			buildConfigurationList = 8E21E7971F564DB700CD55E0 /* Build configuration list for PBXNativeTarget "分时k线demoUITests" */;
			buildPhases = (
				8E21E7841F564DB700CD55E0 /* Sources */,
				8E21E7851F564DB700CD55E0 /* Frameworks */,
				8E21E7861F564DB700CD55E0 /* Resources */,
			);
			buildRules = (
			);
			dependencies = (
				8E21E78A1F564DB700CD55E0 /* PBXTargetDependency */,
			);
			name = "分时k线demoUITests";
			productName = "分时k线demoUITests";
			productReference = 8E21E7881F564DB700CD55E0 /* 分时k线demoUITests.xctest */;
			productType = "com.apple.product-type.bundle.ui-testing";
		};
/* End PBXNativeTarget section */

/* Begin PBXProject section */
		8E21E75C1F564DB700CD55E0 /* Project object */ = {
			isa = PBXProject;
			attributes = {
				LastUpgradeCheck = 0830;
				ORGANIZATIONNAME = tianmaotao;
				TargetAttributes = {
					8E21E7631F564DB700CD55E0 = {
						CreatedOnToolsVersion = 8.3.2;
						DevelopmentTeam = 2BA6Q7UA48;
						ProvisioningStyle = Automatic;
					};
					8E21E77C1F564DB700CD55E0 = {
						CreatedOnToolsVersion = 8.3.2;
						ProvisioningStyle = Automatic;
						TestTargetID = 8E21E7631F564DB700CD55E0;
					};
					8E21E7871F564DB700CD55E0 = {
						CreatedOnToolsVersion = 8.3.2;
						ProvisioningStyle = Automatic;
						TestTargetID = 8E21E7631F564DB700CD55E0;
					};
				};
			};
			buildConfigurationList = 8E21E75F1F564DB700CD55E0 /* Build configuration list for PBXProject "分时k线demo" */;
			compatibilityVersion = "Xcode 3.2";
			developmentRegion = English;
			hasScannedForEncodings = 0;
			knownRegions = (
				English,
				en,
				Base,
			);
			mainGroup = 8E21E75B1F564DB700CD55E0;
			productRefGroup = 8E21E7651F564DB700CD55E0 /* Products */;
			projectDirPath = "";
			projectRoot = "";
			targets = (
				8E21E7631F564DB700CD55E0 /* 分时k线demo */,
				8E21E77C1F564DB700CD55E0 /* 分时k线demoTests */,
				8E21E7871F564DB700CD55E0 /* 分时k线demoUITests */,
			);
		};
/* End PBXProject section */

/* Begin PBXResourcesBuildPhase section */
		8E21E7621F564DB700CD55E0 /* Resources */ = {
			isa = PBXResourcesBuildPhase;
			buildActionMask = 2147483647;
			files = (
				8E18DCC31F9F0A50003C47C0 /* MTFiveRecordCell.xib in Resources */,
				8E09F7782439ED8500A21CAF /* TestController.xib in Resources */,
				8E21E7771F564DB700CD55E0 /* LaunchScreen.storyboard in Resources */,
				8E21E7741F564DB700CD55E0 /* Assets.xcassets in Resources */,
				8E21E7721F564DB700CD55E0 /* Main.storyboard in Resources */,
			);
			runOnlyForDeploymentPostprocessing = 0;
		};
		8E21E77B1F564DB700CD55E0 /* Resources */ = {
			isa = PBXResourcesBuildPhase;
			buildActionMask = 2147483647;
			files = (
			);
			runOnlyForDeploymentPostprocessing = 0;
		};
		8E21E7861F564DB700CD55E0 /* Resources */ = {
			isa = PBXResourcesBuildPhase;
			buildActionMask = 2147483647;
			files = (
			);
			runOnlyForDeploymentPostprocessing = 0;
		};
/* End PBXResourcesBuildPhase section */

/* Begin PBXSourcesBuildPhase section */
		8E21E7601F564DB700CD55E0 /* Sources */ = {
			isa = PBXSourcesBuildPhase;
			buildActionMask = 2147483647;
			files = (
				8E6D18DF1F905C4500A82C39 /* MTBOLLUSALine.m in Sources */,
				8ED2E2431F7641A600251618 /* MTDataManager.m in Sources */,
				8E6669FD23BC9D27000CE08E /* QSMainShareTimeView.m in Sources */,
				8E6D18E61F9094FB00A82C39 /* MTMACDLine.m in Sources */,
				8E09F785243A15DA00A21CAF /* QSTrackingCrossView.m in Sources */,
				8ED2E24F1F76423A00251618 /* MTCurveMACD.m in Sources */,
				8E3896471F7F6F08006AEC92 /* MTKLine.m in Sources */,
				8E6669DD23BC8965000CE08E /* QSTrendMainVC.m in Sources */,
				8ED2E2491F76420400251618 /* MTCurveObject.m in Sources */,
				8E6669E123BC89F7000CE08E /* QSBaseViewModel.m in Sources */,
				8EA639EA23C0922E002E8A81 /* QSKLine.m in Sources */,
				8EB6E7BA2573CB3500B3FD5A /* QSCurveStatus.m in Sources */,
				8E7BF552244C227A00B4073E /* QSTechBOLLView.m in Sources */,
				8EA639E423C08F73002E8A81 /* UIColor+CurveColor.m in Sources */,
				8EEF24951F8B159100C35E1C /* MTCurveChartGlobalVariable.m in Sources */,
				8EEF24921F8B0E0600C35E1C /* UIColor+CurveChart.m in Sources */,
				8E09F7732439ED5A00A21CAF /* ViewController.m in Sources */,
				8E4F2C0E1F7D031F0082A3F5 /* MTCurveBOLL.m in Sources */,
				8EB6E7C02573D4F100B3FD5A /* QSTrackingCrossVM.m in Sources */,
				8E7BF563244C273000B4073E /* QSVolumePositionModel.m in Sources */,
				8E7BF555244C229800B4073E /* QSBOLLUSALine.m in Sources */,
				8EA639ED23C09309002E8A81 /* QSMALine.m in Sources */,
				8EA639E723C0918F002E8A81 /* QSShowDetailsView.m in Sources */,
				8E7BF544244C1D4300B4073E /* QSTechView.m in Sources */,
				8E4F2C0B1F7CFB990082A3F5 /* MTCurveKDJ.m in Sources */,
				8E21E76C1F564DB700CD55E0 /* AppDelegate.m in Sources */,
				8EEF248E1F8B0BDE00C35E1C /* MTKLinePositionModel.m in Sources */,
				8EF9332F1F8F05960011E352 /* MTVolumePositionModel.m in Sources */,
				8ED2E2461F7641D400251618 /* MTCurveProcess.m in Sources */,
				8E666A0023BC9D3C000CE08E /* QSMainKLineView.m in Sources */,
				8E3896441F7F6E72006AEC92 /* MTMianKLineView.m in Sources */,
				8E18DCCC1F9F254D003C47C0 /* MTTimeLineDetailedView.m in Sources */,
				8E18DCC61F9F0CB5003C47C0 /* MTFiveRecordTableView.m in Sources */,
				8E0360A61F8E193600B485A2 /* MTTechView.m in Sources */,
				8E18DCB31F9EE371003C47C0 /* MTTimeLineTrackingCrossView.m in Sources */,
				8E18DCC21F9F0A50003C47C0 /* MTFiveRecordCell.m in Sources */,
				8EF933551F8F473D0011E352 /* MTTechKDJView.m in Sources */,
				8E02447A1F8CA2FB004AA725 /* MTKlineView.m in Sources */,
				8EE799391F9DD3AF005F518C /* MTTimeLineModel.m in Sources */,
				8E09F7772439ED8500A21CAF /* TestController.m in Sources */,
				8E6D18E31F908F5400A82C39 /* MTTechMACDView.m in Sources */,
				8E5C86091F70EC8A00F5DE86 /* SJManageDataToModel.m in Sources */,
				8EF933581F8F7A930011E352 /* MTTechBOLLView.m in Sources */,
				8EFF5ABF1F6F736900CD94F1 /* SJKlineModel.m in Sources */,
				8E21E7691F564DB700CD55E0 /* main.m in Sources */,
				8E18DCB81F9EEBAF003C47C0 /* MTTimeLineTableView.m in Sources */,
				8E666A1223BCB0D8000CE08E /* QSCurveBOLL.m in Sources */,
				8E666A0323BCA024000CE08E /* QSPointPositionKLineModel.m in Sources */,
				8E7BF54B244C1F4700B4073E /* QSTechMACDView.m in Sources */,
				8E6669F123BC8DB5000CE08E /* QSPointKLineModel.m in Sources */,
				8E18DCCF1F9F257D003C47C0 /* MTDaDanView.m in Sources */,
				8EF933491F8F45130011E352 /* MTTechBaseView.m in Sources */,
				8E7BF560244C267000B4073E /* QSVolume.m in Sources */,
				8E666A0F23BCB0BF000CE08E /* QSCurveKDJ.m in Sources */,
				8E09F7812439F36C00A21CAF /* QSKLineView.m in Sources */,
				8E6669E823BC8B2F000CE08E /* QSBaseModel.m in Sources */,
				8E666A0623BCA1E0000CE08E /* QSKlineModel.m in Sources */,
				8E666A1923BCB35C000CE08E /* QSCurveProcess.m in Sources */,
				8E666A0923BCB08B000CE08E /* QSCurveModel.m in Sources */,
				8E7BF547244C1DFF00B4073E /* QSTechBaseView.m in Sources */,
				8E7BF559244C256300B4073E /* QSTechKDJView.m in Sources */,
				8E2299431FA031C8008BC129 /* MTShowDetailsView.m in Sources */,
				8E6669E423BC8A16000CE08E /* QSTrendViewModel.m in Sources */,
				8EB6E7B12573CA7C00B3FD5A /* QSCurveContext.m in Sources */,
				8EE799361F9DD000005F518C /* MTTimeLineView.m in Sources */,
				8E09F77E2439EF4300A21CAF /* GCDMulticastDelegate.m in Sources */,
				8E18DCC91F9F0DD1003C47C0 /* MTFiveRecordModel.m in Sources */,
				8E6669F423BC8E38000CE08E /* QSPointShareTimeModel.m in Sources */,
				8E6669F723BC9252000CE08E /* QSTrendShareTimeVM.m in Sources */,
				8E666A0C23BCB0A6000CE08E /* QSCurveMACD.m in Sources */,
				8EF4B3051F95A86B0090FEB7 /* MTTrackingCrossView.m in Sources */,
				8EF933521F8F45DA0011E352 /* MTVolume.m in Sources */,
				8E3B2056243B30EE00753592 /* QSKLineHelper.m in Sources */,
				8E7BF54E244C1FB300B4073E /* QSMACDLine.m in Sources */,
				8E6669FA23BC9262000CE08E /* QSTrendKLineVM.m in Sources */,
				8EF9334F1F8F45A50011E352 /* MTTechVolumeView.m in Sources */,
				8E6669D523BC8882000CE08E /* QSBaseViewController.m in Sources */,
				8E0244771F8C68C1004AA725 /* MTMALine.m in Sources */,
				8E7BF55D244C265800B4073E /* QSTechVolumeView.m in Sources */,
				8EFBDE171F735E7C00F8554E /* SJCurveObject.m in Sources */,
				8EA639E123C0892F002E8A81 /* QSCurveChartGlobalVariable.m in Sources */,
				8EE7993C1F9E01BD005F518C /* MTTimeLineVolumeView.m in Sources */,
				8EFBDE1A1F736B4500F8554E /* SJCurveProcess.m in Sources */,
				8EE7992E1F9DCAFC005F518C /* MTFenShiView.m in Sources */,
			);
			runOnlyForDeploymentPostprocessing = 0;
		};
		8E21E7791F564DB700CD55E0 /* Sources */ = {
			isa = PBXSourcesBuildPhase;
			buildActionMask = 2147483647;
			files = (
				8E21E7821F564DB700CD55E0 /* __k_demoTests.m in Sources */,
			);
			runOnlyForDeploymentPostprocessing = 0;
		};
		8E21E7841F564DB700CD55E0 /* Sources */ = {
			isa = PBXSourcesBuildPhase;
			buildActionMask = 2147483647;
			files = (
				8E21E78D1F564DB700CD55E0 /* __k_demoUITests.m in Sources */,
			);
			runOnlyForDeploymentPostprocessing = 0;
		};
/* End PBXSourcesBuildPhase section */

/* Begin PBXTargetDependency section */
		8E21E77F1F564DB700CD55E0 /* PBXTargetDependency */ = {
			isa = PBXTargetDependency;
			target = 8E21E7631F564DB700CD55E0 /* 分时k线demo */;
			targetProxy = 8E21E77E1F564DB700CD55E0 /* PBXContainerItemProxy */;
		};
		8E21E78A1F564DB700CD55E0 /* PBXTargetDependency */ = {
			isa = PBXTargetDependency;
			target = 8E21E7631F564DB700CD55E0 /* 分时k线demo */;
			targetProxy = 8E21E7891F564DB700CD55E0 /* PBXContainerItemProxy */;
		};
/* End PBXTargetDependency section */

/* Begin PBXVariantGroup section */
		8E21E7701F564DB700CD55E0 /* Main.storyboard */ = {
			isa = PBXVariantGroup;
			children = (
				8E21E7711F564DB700CD55E0 /* Base */,
			);
			name = Main.storyboard;
			sourceTree = "<group>";
		};
		8E21E7751F564DB700CD55E0 /* LaunchScreen.storyboard */ = {
			isa = PBXVariantGroup;
			children = (
				8E21E7761F564DB700CD55E0 /* Base */,
			);
			name = LaunchScreen.storyboard;
			sourceTree = "<group>";
		};
/* End PBXVariantGroup section */

/* Begin XCBuildConfiguration section */
		8E21E78F1F564DB700CD55E0 /* Debug */ = {
			isa = XCBuildConfiguration;
			buildSettings = {
				ALWAYS_SEARCH_USER_PATHS = NO;
				CLANG_ANALYZER_NONNULL = YES;
				CLANG_ANALYZER_NUMBER_OBJECT_CONVERSION = YES_AGGRESSIVE;
				CLANG_CXX_LANGUAGE_STANDARD = "gnu++0x";
				CLANG_CXX_LIBRARY = "libc++";
				CLANG_ENABLE_MODULES = YES;
				CLANG_ENABLE_OBJC_ARC = YES;
				CLANG_WARN_BOOL_CONVERSION = YES;
				CLANG_WARN_CONSTANT_CONVERSION = YES;
				CLANG_WARN_DIRECT_OBJC_ISA_USAGE = YES_ERROR;
				CLANG_WARN_DOCUMENTATION_COMMENTS = YES;
				CLANG_WARN_EMPTY_BODY = YES;
				CLANG_WARN_ENUM_CONVERSION = YES;
				CLANG_WARN_INFINITE_RECURSION = YES;
				CLANG_WARN_INT_CONVERSION = YES;
				CLANG_WARN_OBJC_ROOT_CLASS = YES_ERROR;
				CLANG_WARN_SUSPICIOUS_MOVE = YES;
				CLANG_WARN_UNREACHABLE_CODE = YES;
				CLANG_WARN__DUPLICATE_METHOD_MATCH = YES;
				"CODE_SIGN_IDENTITY[sdk=iphoneos*]" = "iPhone Developer";
				COPY_PHASE_STRIP = NO;
				DEBUG_INFORMATION_FORMAT = dwarf;
				ENABLE_STRICT_OBJC_MSGSEND = YES;
				ENABLE_TESTABILITY = YES;
				GCC_C_LANGUAGE_STANDARD = gnu99;
				GCC_DYNAMIC_NO_PIC = NO;
				GCC_NO_COMMON_BLOCKS = YES;
				GCC_OPTIMIZATION_LEVEL = 0;
				GCC_PREPROCESSOR_DEFINITIONS = (
					"DEBUG=1",
					"$(inherited)",
				);
				GCC_WARN_64_TO_32_BIT_CONVERSION = YES;
				GCC_WARN_ABOUT_RETURN_TYPE = YES_ERROR;
				GCC_WARN_UNDECLARED_SELECTOR = YES;
				GCC_WARN_UNINITIALIZED_AUTOS = YES_AGGRESSIVE;
				GCC_WARN_UNUSED_FUNCTION = YES;
				GCC_WARN_UNUSED_VARIABLE = YES;
				IPHONEOS_DEPLOYMENT_TARGET = 10.3;
				MTL_ENABLE_DEBUG_INFO = YES;
				ONLY_ACTIVE_ARCH = YES;
				SDKROOT = iphoneos;
				TARGETED_DEVICE_FAMILY = "1,2";
			};
			name = Debug;
		};
		8E21E7901F564DB700CD55E0 /* Release */ = {
			isa = XCBuildConfiguration;
			buildSettings = {
				ALWAYS_SEARCH_USER_PATHS = NO;
				CLANG_ANALYZER_NONNULL = YES;
				CLANG_ANALYZER_NUMBER_OBJECT_CONVERSION = YES_AGGRESSIVE;
				CLANG_CXX_LANGUAGE_STANDARD = "gnu++0x";
				CLANG_CXX_LIBRARY = "libc++";
				CLANG_ENABLE_MODULES = YES;
				CLANG_ENABLE_OBJC_ARC = YES;
				CLANG_WARN_BOOL_CONVERSION = YES;
				CLANG_WARN_CONSTANT_CONVERSION = YES;
				CLANG_WARN_DIRECT_OBJC_ISA_USAGE = YES_ERROR;
				CLANG_WARN_DOCUMENTATION_COMMENTS = YES;
				CLANG_WARN_EMPTY_BODY = YES;
				CLANG_WARN_ENUM_CONVERSION = YES;
				CLANG_WARN_INFINITE_RECURSION = YES;
				CLANG_WARN_INT_CONVERSION = YES;
				CLANG_WARN_OBJC_ROOT_CLASS = YES_ERROR;
				CLANG_WARN_SUSPICIOUS_MOVE = YES;
				CLANG_WARN_UNREACHABLE_CODE = YES;
				CLANG_WARN__DUPLICATE_METHOD_MATCH = YES;
				"CODE_SIGN_IDENTITY[sdk=iphoneos*]" = "iPhone Developer";
				COPY_PHASE_STRIP = NO;
				DEBUG_INFORMATION_FORMAT = "dwarf-with-dsym";
				ENABLE_NS_ASSERTIONS = NO;
				ENABLE_STRICT_OBJC_MSGSEND = YES;
				GCC_C_LANGUAGE_STANDARD = gnu99;
				GCC_NO_COMMON_BLOCKS = YES;
				GCC_WARN_64_TO_32_BIT_CONVERSION = YES;
				GCC_WARN_ABOUT_RETURN_TYPE = YES_ERROR;
				GCC_WARN_UNDECLARED_SELECTOR = YES;
				GCC_WARN_UNINITIALIZED_AUTOS = YES_AGGRESSIVE;
				GCC_WARN_UNUSED_FUNCTION = YES;
				GCC_WARN_UNUSED_VARIABLE = YES;
				IPHONEOS_DEPLOYMENT_TARGET = 10.3;
				MTL_ENABLE_DEBUG_INFO = NO;
				SDKROOT = iphoneos;
				TARGETED_DEVICE_FAMILY = "1,2";
				VALIDATE_PRODUCT = YES;
			};
			name = Release;
		};
		8E21E7921F564DB700CD55E0 /* Debug */ = {
			isa = XCBuildConfiguration;
			buildSettings = {
				ASSETCATALOG_COMPILER_APPICON_NAME = AppIcon;
				DEVELOPMENT_TEAM = 2BA6Q7UA48;
				INFOPLIST_FILE = "分时k线demo/Info.plist";
				IPHONEOS_DEPLOYMENT_TARGET = 9.3;
				LD_RUNPATH_SEARCH_PATHS = "$(inherited) @executable_path/Frameworks";
				PRODUCT_BUNDLE_IDENTIFIER = "--tianmaotao--.--k-demo";
				PRODUCT_NAME = "股票趋势";
			};
			name = Debug;
		};
		8E21E7931F564DB700CD55E0 /* Release */ = {
			isa = XCBuildConfiguration;
			buildSettings = {
				ASSETCATALOG_COMPILER_APPICON_NAME = AppIcon;
				DEVELOPMENT_TEAM = 2BA6Q7UA48;
				INFOPLIST_FILE = "分时k线demo/Info.plist";
				IPHONEOS_DEPLOYMENT_TARGET = 9.3;
				LD_RUNPATH_SEARCH_PATHS = "$(inherited) @executable_path/Frameworks";
				PRODUCT_BUNDLE_IDENTIFIER = "--tianmaotao--.--k-demo";
				PRODUCT_NAME = "股票趋势";
			};
			name = Release;
		};
		8E21E7951F564DB700CD55E0 /* Debug */ = {
			isa = XCBuildConfiguration;
			buildSettings = {
				BUNDLE_LOADER = "$(TEST_HOST)";
				INFOPLIST_FILE = "分时k线demoTests/Info.plist";
				LD_RUNPATH_SEARCH_PATHS = "$(inherited) @executable_path/Frameworks @loader_path/Frameworks";
				PRODUCT_BUNDLE_IDENTIFIER = "--tianmaotao--.--k-demoTests";
				PRODUCT_NAME = "$(TARGET_NAME)";
				TEST_HOST = "$(BUILT_PRODUCTS_DIR)/分时k线demo.app/分时k线demo";
			};
			name = Debug;
		};
		8E21E7961F564DB700CD55E0 /* Release */ = {
			isa = XCBuildConfiguration;
			buildSettings = {
				BUNDLE_LOADER = "$(TEST_HOST)";
				INFOPLIST_FILE = "分时k线demoTests/Info.plist";
				LD_RUNPATH_SEARCH_PATHS = "$(inherited) @executable_path/Frameworks @loader_path/Frameworks";
				PRODUCT_BUNDLE_IDENTIFIER = "--tianmaotao--.--k-demoTests";
				PRODUCT_NAME = "$(TARGET_NAME)";
				TEST_HOST = "$(BUILT_PRODUCTS_DIR)/分时k线demo.app/分时k线demo";
			};
			name = Release;
		};
		8E21E7981F564DB700CD55E0 /* Debug */ = {
			isa = XCBuildConfiguration;
			buildSettings = {
				INFOPLIST_FILE = "分时k线demoUITests/Info.plist";
				LD_RUNPATH_SEARCH_PATHS = "$(inherited) @executable_path/Frameworks @loader_path/Frameworks";
				PRODUCT_BUNDLE_IDENTIFIER = "--tianmaotao--.--k-demoUITests";
				PRODUCT_NAME = "$(TARGET_NAME)";
				TEST_TARGET_NAME = "分时k线demo";
			};
			name = Debug;
		};
		8E21E7991F564DB700CD55E0 /* Release */ = {
			isa = XCBuildConfiguration;
			buildSettings = {
				INFOPLIST_FILE = "分时k线demoUITests/Info.plist";
				LD_RUNPATH_SEARCH_PATHS = "$(inherited) @executable_path/Frameworks @loader_path/Frameworks";
				PRODUCT_BUNDLE_IDENTIFIER = "--tianmaotao--.--k-demoUITests";
				PRODUCT_NAME = "$(TARGET_NAME)";
				TEST_TARGET_NAME = "分时k线demo";
			};
			name = Release;
		};
/* End XCBuildConfiguration section */

/* Begin XCConfigurationList section */
		8E21E75F1F564DB700CD55E0 /* Build configuration list for PBXProject "分时k线demo" */ = {
			isa = XCConfigurationList;
			buildConfigurations = (
				8E21E78F1F564DB700CD55E0 /* Debug */,
				8E21E7901F564DB700CD55E0 /* Release */,
			);
			defaultConfigurationIsVisible = 0;
			defaultConfigurationName = Release;
		};
		8E21E7911F564DB700CD55E0 /* Build configuration list for PBXNativeTarget "分时k线demo" */ = {
			isa = XCConfigurationList;
			buildConfigurations = (
				8E21E7921F564DB700CD55E0 /* Debug */,
				8E21E7931F564DB700CD55E0 /* Release */,
			);
			defaultConfigurationIsVisible = 0;
			defaultConfigurationName = Release;
		};
		8E21E7941F564DB700CD55E0 /* Build configuration list for PBXNativeTarget "分时k线demoTests" */ = {
			isa = XCConfigurationList;
			buildConfigurations = (
				8E21E7951F564DB700CD55E0 /* Debug */,
				8E21E7961F564DB700CD55E0 /* Release */,
			);
			defaultConfigurationIsVisible = 0;
			defaultConfigurationName = Release;
		};
		8E21E7971F564DB700CD55E0 /* Build configuration list for PBXNativeTarget "分时k线demoUITests" */ = {
			isa = XCConfigurationList;
			buildConfigurations = (
				8E21E7981F564DB700CD55E0 /* Debug */,
				8E21E7991F564DB700CD55E0 /* Release */,
			);
			defaultConfigurationIsVisible = 0;
			defaultConfigurationName = Release;
		};
/* End XCConfigurationList section */
	};
	rootObject = 8E21E75C1F564DB700CD55E0 /* Project object */;
}
